{
  "version": 4,
  "terraform_version": "1.6.3",
  "serial": 187,
  "lineage": "a2298a37-4cf6-45ac-7846-a54bb9a0af5b",
  "outputs": {
    "ip_private_master": {
      "value": "10.0.0.200",
      "type": "string"
    },
    "ip_private_worker": {
      "value": "10.0.0.83",
      "type": "string"
    },
    "ip_public_ansible": {
      "value": "34.207.184.87",
      "type": "string"
    },
    "ip_public_jenkins": {
      "value": "52.201.7.114",
      "type": "string"
    },
    "ip_public_master": {
      "value": "18.234.61.226",
      "type": "string"
    },
    "ip_public_worker": {
      "value": "54.226.133.32",
      "type": "string"
    },
    "key_pair": {
      "value": "-----BEGIN PUBLIC KEY-----\nMIICIjANBgkqhkiG9w0BAQEFAAOCAg8AMIICCgKCAgEAsAosISAJi2omRxwswDH8\nDKHR4hHLjkLspDoMvyykUieG74DSbjB2QWs4GvaRhXhVL3bzjG8rlxGjB4SpixFC\n4YW6THQ58kLzk7ffysSC2PrKwM5XEBkbo1GS9YMxSBe1RpNsmpF+MYrYd+Yo3VjE\n6dHrZLV7AqeP5ylJogFUrZERKjFwaqklqPaT53I8DrHPvnDN8896HqHiKH4vumyi\nTOL7ekN9qHs0wLCyrGlFaydh/OPGIYm5HBueb/e+Gv/mwRHcCuWx7C/XeT8/oKlJ\nf+48EeXuDKr7YK6wfOkv1Wqet0DRsQxsMyoWgzfy/rCxKUg3TMS4V3hph7Q2GmK7\neb9bFOTnWHl1OunkCGwGq7Hm/RA7Ws8O/5iCTcMlBSePxTSDJlg+HKd7RROqy5qH\n7jnzeFcdC3XSnak79NqCy2baePfYUjXZa9XU43pYh92MTd6qNDZjV7VyTKvrH8qW\neZ/0Tu7hRRL2MBUeHjXceOsgpL+LAkrxm1mtmgmZeZfbk1D2YacKY+vtoyODWrZC\nLdx8PhSj8Mn24YqNM5FbravYLtzxovonDd2taPTe1fp55fLmo53Cj0z4frmvTKuO\nzHySrBSgxtwvPwF/5NmN2l9bZ2fDkikaLN4FumKDq0TYD72Ct26SXDyLyVUAUOan\nGUMmr+9m3lVKJj85ToRejVECAwEAAQ==\n-----END PUBLIC KEY-----\n",
      "type": "string",
      "sensitive": true
    },
    "security_subnet": {
      "value": "vpc-05dac657b9297dcd5",
      "type": "string"
    }
  },
  "resources": [
    {
      "mode": "managed",
      "type": "aws_key_pair",
      "name": "TF_key",
      "provider": "provider[\"registry.terraform.io/hashicorp/aws\"]",
      "instances": [
        {
          "schema_version": 1,
          "attributes": {
            "arn": "arn:aws:ec2:us-east-1:304480047449:key-pair/Devops",
            "fingerprint": "28:1b:0b:9a:2c:0b:b6:d2:c5:f1:10:07:41:50:70:3f",
            "id": "Devops",
            "key_name": "Devops",
            "key_name_prefix": "",
            "key_pair_id": "key-0a8d14b9d505cd28c",
            "key_type": "rsa",
            "public_key": "ssh-rsa AAAAB3NzaC1yc2EAAAADAQABAAACAQCwCiwhIAmLaiZHHCzAMfwModHiEcuOQuykOgy/LKRSJ4bvgNJuMHZBazga9pGFeFUvdvOMbyuXEaMHhKmLEULhhbpMdDnyQvOTt9/KxILY+srAzlcQGRujUZL1gzFIF7VGk2yakX4xith35ijdWMTp0etktXsCp4/nKUmiAVStkREqMXBqqSWo9pPncjwOsc++cM3zz3oeoeIofi+6bKJM4vt6Q32oezTAsLKsaUVrJ2H848YhibkcG55v974a/+bBEdwK5bHsL9d5Pz+gqUl/7jwR5e4MqvtgrrB86S/Vap63QNGxDGwzKhaDN/L+sLEpSDdMxLhXeGmHtDYaYrt5v1sU5OdYeXU66eQIbAarseb9EDtazw7/mIJNwyUFJ4/FNIMmWD4cp3tFE6rLmofuOfN4Vx0LddKdqTv02oLLZtp499hSNdlr1dTjeliH3YxN3qo0NmNXtXJMq+sfypZ5n/RO7uFFEvYwFR4eNdx46yCkv4sCSvGbWa2aCZl5l9uTUPZhpwpj6+2jI4NatkIt3Hw+FKPwyfbhio0zkVutq9gu3PGi+icN3a1o9N7V+nnl8uajncKPTPh+ua9Mq47MfJKsFKDG3C8/AX/k2Y3aX1tnZ8OSKRos3gW6YoOrRNgPvYK3bpJcPIvJVQBQ5qcZQyav72beVUomPzlOhF6NUQ==",
            "tags": {
              "Name": "trourest-bastion",
              "Project": "Devops"
            },
            "tags_all": {
              "Name": "trourest-bastion",
              "Project": "Devops"
            }
          },
          "sensitive_attributes": [],
          "private": "eyJzY2hlbWFfdmVyc2lvbiI6IjEifQ==",
          "dependencies": [
            "tls_private_key.rsa"
          ]
        }
      ]
    },
    {
      "mode": "managed",
      "type": "local_file",
      "name": "TF-key",
      "provider": "provider[\"registry.terraform.io/hashicorp/local\"]",
      "instances": [
        {
          "schema_version": 0,
          "attributes": {
            "content": "-----BEGIN RSA PRIVATE KEY-----\nMIIJKAIBAAKCAgEAsAosISAJi2omRxwswDH8DKHR4hHLjkLspDoMvyykUieG74DS\nbjB2QWs4GvaRhXhVL3bzjG8rlxGjB4SpixFC4YW6THQ58kLzk7ffysSC2PrKwM5X\nEBkbo1GS9YMxSBe1RpNsmpF+MYrYd+Yo3VjE6dHrZLV7AqeP5ylJogFUrZERKjFw\naqklqPaT53I8DrHPvnDN8896HqHiKH4vumyiTOL7ekN9qHs0wLCyrGlFaydh/OPG\nIYm5HBueb/e+Gv/mwRHcCuWx7C/XeT8/oKlJf+48EeXuDKr7YK6wfOkv1Wqet0DR\nsQxsMyoWgzfy/rCxKUg3TMS4V3hph7Q2GmK7eb9bFOTnWHl1OunkCGwGq7Hm/RA7\nWs8O/5iCTcMlBSePxTSDJlg+HKd7RROqy5qH7jnzeFcdC3XSnak79NqCy2baePfY\nUjXZa9XU43pYh92MTd6qNDZjV7VyTKvrH8qWeZ/0Tu7hRRL2MBUeHjXceOsgpL+L\nAkrxm1mtmgmZeZfbk1D2YacKY+vtoyODWrZCLdx8PhSj8Mn24YqNM5FbravYLtzx\novonDd2taPTe1fp55fLmo53Cj0z4frmvTKuOzHySrBSgxtwvPwF/5NmN2l9bZ2fD\nkikaLN4FumKDq0TYD72Ct26SXDyLyVUAUOanGUMmr+9m3lVKJj85ToRejVECAwEA\nAQKCAgBPwNwLSdNpKPccgkQ38q1JH8rRi9RXqDRDltUNi3EKk0PLn+Y165i3vJaX\niJuXB1Q4g8CFIBx0fZYJou2YxoIxX/9uAb365qApjUVDPNI28TAIN7Mz5NwjmqJk\nvkIGck87ITEzubSdR1UYxNpApaXYdLUbVCjdpAJK7OaiEc5GMBHBttJCUE1yhfuu\nAI/67E287qgvzBB8bkTiqYCAChVhlffuhUMZoG/e2G6qM6syh44aHys1KIsHk++s\ntGWZH9RwJeI1wahg46/QC3qNFATrg4gNZ8j4TkJCpAHrJU35dytexGv7tTAT4f5/\nBkr9Xhl1JXWAPyNw5WmSBG/6dj6OgmB3SaS6QBG4x1WwMdLk/aCX1cm4snAAQ8qz\nmt8cKhDpPJtC966WYjtsvqhIEomjMDIOo832yrMNFrk0gtSna+IPW4fChqYIGvh5\n5kRam2kLv0Ll2i8MfaXV/zIQQtGo9KWMTjcKJWGvWGRtr4eJq7vib5F1uS2809ED\n94hhfARcmMnzhAfPECQp30sbuTFmMNei2SWOMI/Rz5XdzOJOicJE2rQqjKk7+6+x\nEHYv1ByznkZz93GrUIjk633Sp55u9DMplHa/Cvv+BrJaf0lY8ClEu1V1v9x54AbJ\n/XRCL/bEYukNTylaFdfwV26idvvk7lrm+IOZX6PnFSPaZZAk/QKCAQEA2NUmQ7a2\nNF7fyX+SwLI369fLZ3Ai8UHawCZb9S2X1FZGEXeR2EaUxM0HEhpfyvHGHgl0+1fE\nzIRPCFP2ZX2VBhsnOlzvY45Hd5vD+k4HbCmxS+9XZXfcgz/abzI7UrCOIqqU3nP6\nuaxNGeD2flWzp8XLkpqeNhpm3DciJmqEAm7wgGVR8HeQf0o6uSOBVyAikG5nnIcY\nj0HlCLmfyKW108F84EPrMA8iwNNBjO9vwXTgEgYYQiK04bgwzTv2o+2oh4Hw9pGG\npPVlXMkuRDOqC79puUAUwLmP0T0p2cXD5wlBPmLE9wOQS0rZ0w7F5knbsIvuYMb/\nFbefS/+C1deSmwKCAQEAz9aqBbcj42YRqCKo1lYb+oC3vS4t0fulTLKwQQx2+vnw\nsdUMeAVpcTcD89iZcw5lEas8miEdKneIC5pKCdq2MlAeEjpdsBFDhRP/SkEA3PVB\ncW8tKkWesjCfFKeVeSqQDIgrNLkgrtbGWLsQSEOwRkOt3wnz/PHY73dQrYZcn5vC\nY0Aa/+2MGATHEMGL4/S9doLO89qqtBJ5F/U+UJyxaMUU1xGRmnvcV/ocF6ktlwWy\no/YJizjHD3vjWcOmaQQKRDcyOhZcF+sugVV0K49Z2LC4MM9Nu669sGQ4T2/Zwj9f\n0SKDv4477NJYrWHQEWyhu+OGLnTztxlGv8//UPAYgwKCAQBFVYLyzA3fGSc960kl\nzNcM1uf3n2fM9V3Za2qkL3wJLb0iALXmDkur0lOcekp/Pmg3WpbJd/s52mTbKN30\n/f8VAMG+a9EwaGJ54Jj+BM1izMIgodu0WmtsnJJgVBOcEVChzSHlL/jQPkQ5LjIj\nm4vi7eB2dHJ6ol6ZtBd7aTvk+0x0AfH9jn3p9fZpFO1ayq/Ct0ryRlCYHl36OEDb\njAFkQM6Jd65Qo8ZdGjAvvLBjj9fGa6R+IVLtilQwjCgFqwzkp6xBa68+OCm9Tac5\nr7uEHiTUU6VPKwbNxV0IgbBuxArUxAhvY/hT2w9j6almRd+1yEjlMTyH2Ttatc1E\nS7ZZAoIBAQDHnLUY3icCvMISiI89o+AlPEC72kE5noXI3wl2wCD5tNleAm+CSjhV\n+u+53/qozVd2m86NfWZEph6sfhfD1SINunLXMOVQN5RwmJ8k0r+gd5DOAGgRZGIh\nY581uCpP//fvgUx1y6O/KBnBmI/vx8riARhZ0XZbJnAitaZvsk79IByXNDd6O8zE\nOLpztl/DpQfebY2UGRy/68oPn4Ok6oldRYNZd88u3uzmNhmLA/n8RQWogaHy66oL\njgHx8X2++JlfoN+FeHokosS8hLUZLQmumzOb9U4EBrS6V9bZPGSZMkK1Wn/Mly+o\nqPFwPDQYuAuxp7j0n3B/FzCjAoKFWsM/AoIBAGyedJcxhdq6/PQldZwrPO7Q5Qwf\nhhL2YHWoV2nySvCKnyrGGUV7wWcf7Xk1Qc6SxtfXNaMIKqu/4TGlHFDKitRPVGnw\nik6L32pa9iA/m0ZSYFFFHfJxfoekeLVnSYom208KJnEn52dE8Atqx7XDX1gxFzdU\n2egGbUbZO/xVa1pB6Rt6YyZR3B2hczvdCr/7DWuS5s0EYGzd+3P0dS+s5lI4Ye9G\nnBm8VygYGFYRi1KAF40VTjgmVDsciahQUPMqUlEV9uKBek9UI4Ew2Ff61RmfD9fJ\n2K4eiVNM2THF0d1/EMdunKcnh3Dgv0NbSSBZYGZIzFCwyETd+48AOm0inow=\n-----END RSA PRIVATE KEY-----\n",
            "content_base64": null,
            "content_base64sha256": "l4rXj6U14qNtjPNHAG/1hjPMMLiqiyaBCCJ4SXr3JpI=",
            "content_base64sha512": "Zes+4WdheLLvOHZUFbcqgxtyW7Sm2TJSMblOd5tK2exPAcKliyrPH588Uz3lrbcK3++lF+xfTxWbSxfo6+QMuQ==",
            "content_md5": "540c8dd0c2a15bc708264f9b17cd9b1a",
            "content_sha1": "91ad1a979ccd6112e49fe87a2d175bb6c6b919e8",
            "content_sha256": "978ad78fa535e2a36d8cf347006ff58633cc30b8aa8b2681082278497af72692",
            "content_sha512": "65eb3ee1676178b2ef38765415b72a831b725bb4a6d9325231b94e779b4ad9ec4f01c2a58b2acf1f9f3c533de5adb70adfefa517ec5f4f159b4b17e8ebe40cb9",
            "directory_permission": "0777",
            "file_permission": "0777",
            "filename": "Devops.pem",
            "id": "91ad1a979ccd6112e49fe87a2d175bb6c6b919e8",
            "sensitive_content": null,
            "source": null
          },
          "sensitive_attributes": [
            [
              {
                "type": "get_attr",
                "value": "content"
              }
            ]
          ],
          "dependencies": [
            "tls_private_key.rsa"
          ]
        }
      ]
    },
    {
      "mode": "managed",
      "type": "tls_private_key",
      "name": "rsa",
      "provider": "provider[\"registry.terraform.io/hashicorp/tls\"]",
      "instances": [
        {
          "schema_version": 1,
          "attributes": {
            "algorithm": "RSA",
            "ecdsa_curve": "P224",
            "id": "2413558f7f89ccf06d81ee2f08cdb653723a5cd0",
            "private_key_openssh": "-----BEGIN OPENSSH PRIVATE KEY-----\nb3BlbnNzaC1rZXktdjEAAAAABG5vbmUAAAAEbm9uZQAAAAAAAAABAAACFwAAAAdz\nc2gtcnNhAAAAAwEAAQAAAgEAsAosISAJi2omRxwswDH8DKHR4hHLjkLspDoMvyyk\nUieG74DSbjB2QWs4GvaRhXhVL3bzjG8rlxGjB4SpixFC4YW6THQ58kLzk7ffysSC\n2PrKwM5XEBkbo1GS9YMxSBe1RpNsmpF+MYrYd+Yo3VjE6dHrZLV7AqeP5ylJogFU\nrZERKjFwaqklqPaT53I8DrHPvnDN8896HqHiKH4vumyiTOL7ekN9qHs0wLCyrGlF\naydh/OPGIYm5HBueb/e+Gv/mwRHcCuWx7C/XeT8/oKlJf+48EeXuDKr7YK6wfOkv\n1Wqet0DRsQxsMyoWgzfy/rCxKUg3TMS4V3hph7Q2GmK7eb9bFOTnWHl1OunkCGwG\nq7Hm/RA7Ws8O/5iCTcMlBSePxTSDJlg+HKd7RROqy5qH7jnzeFcdC3XSnak79NqC\ny2baePfYUjXZa9XU43pYh92MTd6qNDZjV7VyTKvrH8qWeZ/0Tu7hRRL2MBUeHjXc\neOsgpL+LAkrxm1mtmgmZeZfbk1D2YacKY+vtoyODWrZCLdx8PhSj8Mn24YqNM5Fb\nravYLtzxovonDd2taPTe1fp55fLmo53Cj0z4frmvTKuOzHySrBSgxtwvPwF/5NmN\n2l9bZ2fDkikaLN4FumKDq0TYD72Ct26SXDyLyVUAUOanGUMmr+9m3lVKJj85ToRe\njVEAAAc4cTefLHE3nywAAAAHc3NoLXJzYQAAAgEAsAosISAJi2omRxwswDH8DKHR\n4hHLjkLspDoMvyykUieG74DSbjB2QWs4GvaRhXhVL3bzjG8rlxGjB4SpixFC4YW6\nTHQ58kLzk7ffysSC2PrKwM5XEBkbo1GS9YMxSBe1RpNsmpF+MYrYd+Yo3VjE6dHr\nZLV7AqeP5ylJogFUrZERKjFwaqklqPaT53I8DrHPvnDN8896HqHiKH4vumyiTOL7\nekN9qHs0wLCyrGlFaydh/OPGIYm5HBueb/e+Gv/mwRHcCuWx7C/XeT8/oKlJf+48\nEeXuDKr7YK6wfOkv1Wqet0DRsQxsMyoWgzfy/rCxKUg3TMS4V3hph7Q2GmK7eb9b\nFOTnWHl1OunkCGwGq7Hm/RA7Ws8O/5iCTcMlBSePxTSDJlg+HKd7RROqy5qH7jnz\neFcdC3XSnak79NqCy2baePfYUjXZa9XU43pYh92MTd6qNDZjV7VyTKvrH8qWeZ/0\nTu7hRRL2MBUeHjXceOsgpL+LAkrxm1mtmgmZeZfbk1D2YacKY+vtoyODWrZCLdx8\nPhSj8Mn24YqNM5FbravYLtzxovonDd2taPTe1fp55fLmo53Cj0z4frmvTKuOzHyS\nrBSgxtwvPwF/5NmN2l9bZ2fDkikaLN4FumKDq0TYD72Ct26SXDyLyVUAUOanGUMm\nr+9m3lVKJj85ToRejVEAAAADAQABAAACAE/A3AtJ02ko9xyCRDfyrUkfytGL1Feo\nNEOW1Q2LcQqTQ8uf5jXrmLe8lpeIm5cHVDiDwIUgHHR9lgmi7ZjGgjFf/24Bvfrm\noCmNRUM80jbxMAg3szPk3COaomS+QgZyTzshMTO5tJ1HVRjE2kClpdh0tRtUKN2k\nAkrs5qIRzkYwEcG20kJQTXKF+64Aj/rsTbzuqC/MEHxuROKpgIAKFWGV9+6FQxmg\nb97YbqozqzKHjhofKzUoiweT76y0ZZkf1HAl4jXBqGDjr9ALeo0UBOuDiA1nyPhO\nQkKkAeslTfl3K17Ea/u1MBPh/n8GSv1eGXUldYA/I3DlaZIEb/p2Po6CYHdJpLpA\nEbjHVbAx0uT9oJfVybiycABDyrOa3xwqEOk8m0L3rpZiO2y+qEgSiaMwMg6jzfbK\nsw0WuTSC1Kdr4g9bh8KGpgga+HnmRFqbaQu/QuXaLwx9pdX/MhBC0aj0pYxONwol\nYa9YZG2vh4mru+JvkXW5LbzT0QP3iGF8BFyYyfOEB88QJCnfSxu5MWYw16LZJY4w\nj9HPld3M4k6JwkTatCqMqTv7r7EQdi/UHLOeRnP3catQiOTrfdKnnm70MymUdr8K\n+/4Gslp/SVjwKUS7VXW/3HngBsn9dEIv9sRi6Q1PKVoV1/BXbqJ2++TuWub4g5lf\no+cVI9plkCT9AAABAGyedJcxhdq6/PQldZwrPO7Q5QwfhhL2YHWoV2nySvCKnyrG\nGUV7wWcf7Xk1Qc6SxtfXNaMIKqu/4TGlHFDKitRPVGnwik6L32pa9iA/m0ZSYFFF\nHfJxfoekeLVnSYom208KJnEn52dE8Atqx7XDX1gxFzdU2egGbUbZO/xVa1pB6Rt6\nYyZR3B2hczvdCr/7DWuS5s0EYGzd+3P0dS+s5lI4Ye9GnBm8VygYGFYRi1KAF40V\nTjgmVDsciahQUPMqUlEV9uKBek9UI4Ew2Ff61RmfD9fJ2K4eiVNM2THF0d1/EMdu\nnKcnh3Dgv0NbSSBZYGZIzFCwyETd+48AOm0inowAAAEBANjVJkO2tjRe38l/ksCy\nN+vXy2dwIvFB2sAmW/Utl9RWRhF3kdhGlMTNBxIaX8rxxh4JdPtXxMyETwhT9mV9\nlQYbJzpc72OOR3ebw/pOB2wpsUvvV2V33IM/2m8yO1KwjiKqlN5z+rmsTRng9n5V\ns6fFy5KanjYaZtw3IiZqhAJu8IBlUfB3kH9KOrkjgVcgIpBuZ5yHGI9B5Qi5n8il\ntdPBfOBD6zAPIsDTQYzvb8F04BIGGEIitOG4MM079qPtqIeB8PaRhqT1ZVzJLkQz\nqgu/ablAFMC5j9E9KdnFw+cJQT5ixPcDkEtK2dMOxeZJ27CL7mDG/xW3n0v/gtXX\nkpsAAAEBAM/WqgW3I+NmEagiqNZWG/qAt70uLdH7pUyysEEMdvr58LHVDHgFaXE3\nA/PYmXMOZRGrPJohHSp3iAuaSgnatjJQHhI6XbARQ4UT/0pBANz1QXFvLSpFnrIw\nnxSnlXkqkAyIKzS5IK7Wxli7EEhDsEZDrd8J8/zx2O93UK2GXJ+bwmNAGv/tjBgE\nxxDBi+P0vXaCzvPaqrQSeRf1PlCcsWjFFNcRkZp73Ff6HBepLZcFsqP2CYs4xw97\n41nDpmkECkQ3MjoWXBfrLoFVdCuPWdiwuDDPTbuuvbBkOE9v2cI/X9Eig7+OO+zS\nWK1h0BFsobvjhi5087cZRr/P/1DwGIMAAAAAAQID\n-----END OPENSSH PRIVATE KEY-----\n",
            "private_key_pem": "-----BEGIN RSA PRIVATE KEY-----\nMIIJKAIBAAKCAgEAsAosISAJi2omRxwswDH8DKHR4hHLjkLspDoMvyykUieG74DS\nbjB2QWs4GvaRhXhVL3bzjG8rlxGjB4SpixFC4YW6THQ58kLzk7ffysSC2PrKwM5X\nEBkbo1GS9YMxSBe1RpNsmpF+MYrYd+Yo3VjE6dHrZLV7AqeP5ylJogFUrZERKjFw\naqklqPaT53I8DrHPvnDN8896HqHiKH4vumyiTOL7ekN9qHs0wLCyrGlFaydh/OPG\nIYm5HBueb/e+Gv/mwRHcCuWx7C/XeT8/oKlJf+48EeXuDKr7YK6wfOkv1Wqet0DR\nsQxsMyoWgzfy/rCxKUg3TMS4V3hph7Q2GmK7eb9bFOTnWHl1OunkCGwGq7Hm/RA7\nWs8O/5iCTcMlBSePxTSDJlg+HKd7RROqy5qH7jnzeFcdC3XSnak79NqCy2baePfY\nUjXZa9XU43pYh92MTd6qNDZjV7VyTKvrH8qWeZ/0Tu7hRRL2MBUeHjXceOsgpL+L\nAkrxm1mtmgmZeZfbk1D2YacKY+vtoyODWrZCLdx8PhSj8Mn24YqNM5FbravYLtzx\novonDd2taPTe1fp55fLmo53Cj0z4frmvTKuOzHySrBSgxtwvPwF/5NmN2l9bZ2fD\nkikaLN4FumKDq0TYD72Ct26SXDyLyVUAUOanGUMmr+9m3lVKJj85ToRejVECAwEA\nAQKCAgBPwNwLSdNpKPccgkQ38q1JH8rRi9RXqDRDltUNi3EKk0PLn+Y165i3vJaX\niJuXB1Q4g8CFIBx0fZYJou2YxoIxX/9uAb365qApjUVDPNI28TAIN7Mz5NwjmqJk\nvkIGck87ITEzubSdR1UYxNpApaXYdLUbVCjdpAJK7OaiEc5GMBHBttJCUE1yhfuu\nAI/67E287qgvzBB8bkTiqYCAChVhlffuhUMZoG/e2G6qM6syh44aHys1KIsHk++s\ntGWZH9RwJeI1wahg46/QC3qNFATrg4gNZ8j4TkJCpAHrJU35dytexGv7tTAT4f5/\nBkr9Xhl1JXWAPyNw5WmSBG/6dj6OgmB3SaS6QBG4x1WwMdLk/aCX1cm4snAAQ8qz\nmt8cKhDpPJtC966WYjtsvqhIEomjMDIOo832yrMNFrk0gtSna+IPW4fChqYIGvh5\n5kRam2kLv0Ll2i8MfaXV/zIQQtGo9KWMTjcKJWGvWGRtr4eJq7vib5F1uS2809ED\n94hhfARcmMnzhAfPECQp30sbuTFmMNei2SWOMI/Rz5XdzOJOicJE2rQqjKk7+6+x\nEHYv1ByznkZz93GrUIjk633Sp55u9DMplHa/Cvv+BrJaf0lY8ClEu1V1v9x54AbJ\n/XRCL/bEYukNTylaFdfwV26idvvk7lrm+IOZX6PnFSPaZZAk/QKCAQEA2NUmQ7a2\nNF7fyX+SwLI369fLZ3Ai8UHawCZb9S2X1FZGEXeR2EaUxM0HEhpfyvHGHgl0+1fE\nzIRPCFP2ZX2VBhsnOlzvY45Hd5vD+k4HbCmxS+9XZXfcgz/abzI7UrCOIqqU3nP6\nuaxNGeD2flWzp8XLkpqeNhpm3DciJmqEAm7wgGVR8HeQf0o6uSOBVyAikG5nnIcY\nj0HlCLmfyKW108F84EPrMA8iwNNBjO9vwXTgEgYYQiK04bgwzTv2o+2oh4Hw9pGG\npPVlXMkuRDOqC79puUAUwLmP0T0p2cXD5wlBPmLE9wOQS0rZ0w7F5knbsIvuYMb/\nFbefS/+C1deSmwKCAQEAz9aqBbcj42YRqCKo1lYb+oC3vS4t0fulTLKwQQx2+vnw\nsdUMeAVpcTcD89iZcw5lEas8miEdKneIC5pKCdq2MlAeEjpdsBFDhRP/SkEA3PVB\ncW8tKkWesjCfFKeVeSqQDIgrNLkgrtbGWLsQSEOwRkOt3wnz/PHY73dQrYZcn5vC\nY0Aa/+2MGATHEMGL4/S9doLO89qqtBJ5F/U+UJyxaMUU1xGRmnvcV/ocF6ktlwWy\no/YJizjHD3vjWcOmaQQKRDcyOhZcF+sugVV0K49Z2LC4MM9Nu669sGQ4T2/Zwj9f\n0SKDv4477NJYrWHQEWyhu+OGLnTztxlGv8//UPAYgwKCAQBFVYLyzA3fGSc960kl\nzNcM1uf3n2fM9V3Za2qkL3wJLb0iALXmDkur0lOcekp/Pmg3WpbJd/s52mTbKN30\n/f8VAMG+a9EwaGJ54Jj+BM1izMIgodu0WmtsnJJgVBOcEVChzSHlL/jQPkQ5LjIj\nm4vi7eB2dHJ6ol6ZtBd7aTvk+0x0AfH9jn3p9fZpFO1ayq/Ct0ryRlCYHl36OEDb\njAFkQM6Jd65Qo8ZdGjAvvLBjj9fGa6R+IVLtilQwjCgFqwzkp6xBa68+OCm9Tac5\nr7uEHiTUU6VPKwbNxV0IgbBuxArUxAhvY/hT2w9j6almRd+1yEjlMTyH2Ttatc1E\nS7ZZAoIBAQDHnLUY3icCvMISiI89o+AlPEC72kE5noXI3wl2wCD5tNleAm+CSjhV\n+u+53/qozVd2m86NfWZEph6sfhfD1SINunLXMOVQN5RwmJ8k0r+gd5DOAGgRZGIh\nY581uCpP//fvgUx1y6O/KBnBmI/vx8riARhZ0XZbJnAitaZvsk79IByXNDd6O8zE\nOLpztl/DpQfebY2UGRy/68oPn4Ok6oldRYNZd88u3uzmNhmLA/n8RQWogaHy66oL\njgHx8X2++JlfoN+FeHokosS8hLUZLQmumzOb9U4EBrS6V9bZPGSZMkK1Wn/Mly+o\nqPFwPDQYuAuxp7j0n3B/FzCjAoKFWsM/AoIBAGyedJcxhdq6/PQldZwrPO7Q5Qwf\nhhL2YHWoV2nySvCKnyrGGUV7wWcf7Xk1Qc6SxtfXNaMIKqu/4TGlHFDKitRPVGnw\nik6L32pa9iA/m0ZSYFFFHfJxfoekeLVnSYom208KJnEn52dE8Atqx7XDX1gxFzdU\n2egGbUbZO/xVa1pB6Rt6YyZR3B2hczvdCr/7DWuS5s0EYGzd+3P0dS+s5lI4Ye9G\nnBm8VygYGFYRi1KAF40VTjgmVDsciahQUPMqUlEV9uKBek9UI4Ew2Ff61RmfD9fJ\n2K4eiVNM2THF0d1/EMdunKcnh3Dgv0NbSSBZYGZIzFCwyETd+48AOm0inow=\n-----END RSA PRIVATE KEY-----\n",
            "private_key_pem_pkcs8": "-----BEGIN PRIVATE KEY-----\nMIIJQgIBADANBgkqhkiG9w0BAQEFAASCCSwwggkoAgEAAoICAQCwCiwhIAmLaiZH\nHCzAMfwModHiEcuOQuykOgy/LKRSJ4bvgNJuMHZBazga9pGFeFUvdvOMbyuXEaMH\nhKmLEULhhbpMdDnyQvOTt9/KxILY+srAzlcQGRujUZL1gzFIF7VGk2yakX4xith3\n5ijdWMTp0etktXsCp4/nKUmiAVStkREqMXBqqSWo9pPncjwOsc++cM3zz3oeoeIo\nfi+6bKJM4vt6Q32oezTAsLKsaUVrJ2H848YhibkcG55v974a/+bBEdwK5bHsL9d5\nPz+gqUl/7jwR5e4MqvtgrrB86S/Vap63QNGxDGwzKhaDN/L+sLEpSDdMxLhXeGmH\ntDYaYrt5v1sU5OdYeXU66eQIbAarseb9EDtazw7/mIJNwyUFJ4/FNIMmWD4cp3tF\nE6rLmofuOfN4Vx0LddKdqTv02oLLZtp499hSNdlr1dTjeliH3YxN3qo0NmNXtXJM\nq+sfypZ5n/RO7uFFEvYwFR4eNdx46yCkv4sCSvGbWa2aCZl5l9uTUPZhpwpj6+2j\nI4NatkIt3Hw+FKPwyfbhio0zkVutq9gu3PGi+icN3a1o9N7V+nnl8uajncKPTPh+\nua9Mq47MfJKsFKDG3C8/AX/k2Y3aX1tnZ8OSKRos3gW6YoOrRNgPvYK3bpJcPIvJ\nVQBQ5qcZQyav72beVUomPzlOhF6NUQIDAQABAoICAE/A3AtJ02ko9xyCRDfyrUkf\nytGL1FeoNEOW1Q2LcQqTQ8uf5jXrmLe8lpeIm5cHVDiDwIUgHHR9lgmi7ZjGgjFf\n/24BvfrmoCmNRUM80jbxMAg3szPk3COaomS+QgZyTzshMTO5tJ1HVRjE2kClpdh0\ntRtUKN2kAkrs5qIRzkYwEcG20kJQTXKF+64Aj/rsTbzuqC/MEHxuROKpgIAKFWGV\n9+6FQxmgb97YbqozqzKHjhofKzUoiweT76y0ZZkf1HAl4jXBqGDjr9ALeo0UBOuD\niA1nyPhOQkKkAeslTfl3K17Ea/u1MBPh/n8GSv1eGXUldYA/I3DlaZIEb/p2Po6C\nYHdJpLpAEbjHVbAx0uT9oJfVybiycABDyrOa3xwqEOk8m0L3rpZiO2y+qEgSiaMw\nMg6jzfbKsw0WuTSC1Kdr4g9bh8KGpgga+HnmRFqbaQu/QuXaLwx9pdX/MhBC0aj0\npYxONwolYa9YZG2vh4mru+JvkXW5LbzT0QP3iGF8BFyYyfOEB88QJCnfSxu5MWYw\n16LZJY4wj9HPld3M4k6JwkTatCqMqTv7r7EQdi/UHLOeRnP3catQiOTrfdKnnm70\nMymUdr8K+/4Gslp/SVjwKUS7VXW/3HngBsn9dEIv9sRi6Q1PKVoV1/BXbqJ2++Tu\nWub4g5lfo+cVI9plkCT9AoIBAQDY1SZDtrY0Xt/Jf5LAsjfr18tncCLxQdrAJlv1\nLZfUVkYRd5HYRpTEzQcSGl/K8cYeCXT7V8TMhE8IU/ZlfZUGGyc6XO9jjkd3m8P6\nTgdsKbFL71dld9yDP9pvMjtSsI4iqpTec/q5rE0Z4PZ+VbOnxcuSmp42GmbcNyIm\naoQCbvCAZVHwd5B/Sjq5I4FXICKQbmechxiPQeUIuZ/IpbXTwXzgQ+swDyLA00GM\n72/BdOASBhhCIrThuDDNO/aj7aiHgfD2kYak9WVcyS5EM6oLv2m5QBTAuY/RPSnZ\nxcPnCUE+YsT3A5BLStnTDsXmSduwi+5gxv8Vt59L/4LV15KbAoIBAQDP1qoFtyPj\nZhGoIqjWVhv6gLe9Li3R+6VMsrBBDHb6+fCx1Qx4BWlxNwPz2JlzDmURqzyaIR0q\nd4gLmkoJ2rYyUB4SOl2wEUOFE/9KQQDc9UFxby0qRZ6yMJ8Up5V5KpAMiCs0uSCu\n1sZYuxBIQ7BGQ63fCfP88djvd1Cthlyfm8JjQBr/7YwYBMcQwYvj9L12gs7z2qq0\nEnkX9T5QnLFoxRTXEZGae9xX+hwXqS2XBbKj9gmLOMcPe+NZw6ZpBApENzI6FlwX\n6y6BVXQrj1nYsLgwz027rr2wZDhPb9nCP1/RIoO/jjvs0litYdARbKG744YudPO3\nGUa/z/9Q8BiDAoIBAEVVgvLMDd8ZJz3rSSXM1wzW5/efZ8z1XdlraqQvfAktvSIA\nteYOS6vSU5x6Sn8+aDdalsl3+znaZNso3fT9/xUAwb5r0TBoYnngmP4EzWLMwiCh\n27Raa2yckmBUE5wRUKHNIeUv+NA+RDkuMiObi+Lt4HZ0cnqiXpm0F3tpO+T7THQB\n8f2Ofen19mkU7VrKr8K3SvJGUJgeXfo4QNuMAWRAzol3rlCjxl0aMC+8sGOP18Zr\npH4hUu2KVDCMKAWrDOSnrEFrrz44Kb1Npzmvu4QeJNRTpU8rBs3FXQiBsG7ECtTE\nCG9j+FPbD2PpqWZF37XISOUxPIfZO1q1zURLtlkCggEBAMectRjeJwK8whKIjz2j\n4CU8QLvaQTmehcjfCXbAIPm02V4Cb4JKOFX677nf+qjNV3abzo19ZkSmHqx+F8PV\nIg26ctcw5VA3lHCYnyTSv6B3kM4AaBFkYiFjnzW4Kk//9++BTHXLo78oGcGYj+/H\nyuIBGFnRdlsmcCK1pm+yTv0gHJc0N3o7zMQ4unO2X8OlB95tjZQZHL/ryg+fg6Tq\niV1Fg1l3zy7e7OY2GYsD+fxFBaiBofLrqguOAfHxfb74mV+g34V4eiSixLyEtRkt\nCa6bM5v1TgQGtLpX1tk8ZJkyQrVaf8yXL6io8XA8NBi4C7GnuPSfcH8XMKMCgoVa\nwz8CggEAbJ50lzGF2rr89CV1nCs87tDlDB+GEvZgdahXafJK8IqfKsYZRXvBZx/t\neTVBzpLG19c1owgqq7/hMaUcUMqK1E9UafCKTovfalr2ID+bRlJgUUUd8nF+h6R4\ntWdJiibbTwomcSfnZ0TwC2rHtcNfWDEXN1TZ6AZtRtk7/FVrWkHpG3pjJlHcHaFz\nO90Kv/sNa5LmzQRgbN37c/R1L6zmUjhh70acGbxXKBgYVhGLUoAXjRVOOCZUOxyJ\nqFBQ8ypSURX24oF6T1QjgTDYV/rVGZ8P18nYrh6JU0zZMcXR3X8Qx26cpyeHcOC/\nQ1tJIFlgZkjMULDIRN37jwA6bSKejA==\n-----END PRIVATE KEY-----\n",
            "public_key_fingerprint_md5": "76:d3:a5:6f:2d:54:49:13:b0:83:d3:3c:e7:3f:4b:90",
            "public_key_fingerprint_sha256": "SHA256:sNqlgveGtjEueqyiOdEDUyDYlHqX7eOqXvBz2SlummQ",
            "public_key_openssh": "ssh-rsa AAAAB3NzaC1yc2EAAAADAQABAAACAQCwCiwhIAmLaiZHHCzAMfwModHiEcuOQuykOgy/LKRSJ4bvgNJuMHZBazga9pGFeFUvdvOMbyuXEaMHhKmLEULhhbpMdDnyQvOTt9/KxILY+srAzlcQGRujUZL1gzFIF7VGk2yakX4xith35ijdWMTp0etktXsCp4/nKUmiAVStkREqMXBqqSWo9pPncjwOsc++cM3zz3oeoeIofi+6bKJM4vt6Q32oezTAsLKsaUVrJ2H848YhibkcG55v974a/+bBEdwK5bHsL9d5Pz+gqUl/7jwR5e4MqvtgrrB86S/Vap63QNGxDGwzKhaDN/L+sLEpSDdMxLhXeGmHtDYaYrt5v1sU5OdYeXU66eQIbAarseb9EDtazw7/mIJNwyUFJ4/FNIMmWD4cp3tFE6rLmofuOfN4Vx0LddKdqTv02oLLZtp499hSNdlr1dTjeliH3YxN3qo0NmNXtXJMq+sfypZ5n/RO7uFFEvYwFR4eNdx46yCkv4sCSvGbWa2aCZl5l9uTUPZhpwpj6+2jI4NatkIt3Hw+FKPwyfbhio0zkVutq9gu3PGi+icN3a1o9N7V+nnl8uajncKPTPh+ua9Mq47MfJKsFKDG3C8/AX/k2Y3aX1tnZ8OSKRos3gW6YoOrRNgPvYK3bpJcPIvJVQBQ5qcZQyav72beVUomPzlOhF6NUQ==\n",
            "public_key_pem": "-----BEGIN PUBLIC KEY-----\nMIICIjANBgkqhkiG9w0BAQEFAAOCAg8AMIICCgKCAgEAsAosISAJi2omRxwswDH8\nDKHR4hHLjkLspDoMvyykUieG74DSbjB2QWs4GvaRhXhVL3bzjG8rlxGjB4SpixFC\n4YW6THQ58kLzk7ffysSC2PrKwM5XEBkbo1GS9YMxSBe1RpNsmpF+MYrYd+Yo3VjE\n6dHrZLV7AqeP5ylJogFUrZERKjFwaqklqPaT53I8DrHPvnDN8896HqHiKH4vumyi\nTOL7ekN9qHs0wLCyrGlFaydh/OPGIYm5HBueb/e+Gv/mwRHcCuWx7C/XeT8/oKlJ\nf+48EeXuDKr7YK6wfOkv1Wqet0DRsQxsMyoWgzfy/rCxKUg3TMS4V3hph7Q2GmK7\neb9bFOTnWHl1OunkCGwGq7Hm/RA7Ws8O/5iCTcMlBSePxTSDJlg+HKd7RROqy5qH\n7jnzeFcdC3XSnak79NqCy2baePfYUjXZa9XU43pYh92MTd6qNDZjV7VyTKvrH8qW\neZ/0Tu7hRRL2MBUeHjXceOsgpL+LAkrxm1mtmgmZeZfbk1D2YacKY+vtoyODWrZC\nLdx8PhSj8Mn24YqNM5FbravYLtzxovonDd2taPTe1fp55fLmo53Cj0z4frmvTKuO\nzHySrBSgxtwvPwF/5NmN2l9bZ2fDkikaLN4FumKDq0TYD72Ct26SXDyLyVUAUOan\nGUMmr+9m3lVKJj85ToRejVECAwEAAQ==\n-----END PUBLIC KEY-----\n",
            "rsa_bits": 4096
          },
          "sensitive_attributes": []
        }
      ]
    },
    {
      "module": "module.ec2",
      "mode": "managed",
      "type": "aws_instance",
      "name": "ansible",
      "provider": "provider[\"registry.terraform.io/hashicorp/aws\"]",
      "instances": [
        {
          "schema_version": 1,
          "attributes": {
            "ami": "ami-0fc5d935ebf8bc3bc",
            "arn": "arn:aws:ec2:us-east-1:304480047449:instance/i-07d1e80533b8e5dc8",
            "associate_public_ip_address": true,
            "availability_zone": "us-east-1a",
            "capacity_reservation_specification": [
              {
                "capacity_reservation_preference": "open",
                "capacity_reservation_target": []
              }
            ],
            "cpu_core_count": 1,
            "cpu_options": [
              {
                "amd_sev_snp": "",
                "core_count": 1,
                "threads_per_core": 1
              }
            ],
            "cpu_threads_per_core": 1,
            "credit_specification": [
              {
                "cpu_credits": "standard"
              }
            ],
            "disable_api_stop": false,
            "disable_api_termination": false,
            "ebs_block_device": [],
            "ebs_optimized": false,
            "enclave_options": [
              {
                "enabled": false
              }
            ],
            "ephemeral_block_device": [],
            "get_password_data": false,
            "hibernation": false,
            "host_id": "",
            "host_resource_group_arn": null,
            "iam_instance_profile": "",
            "id": "i-07d1e80533b8e5dc8",
            "instance_initiated_shutdown_behavior": "stop",
            "instance_lifecycle": "",
            "instance_market_options": [],
            "instance_state": "running",
            "instance_type": "t2.micro",
            "ipv6_address_count": 0,
            "ipv6_addresses": [],
            "key_name": "Devops",
            "launch_template": [],
            "maintenance_options": [
              {
                "auto_recovery": "default"
              }
            ],
            "metadata_options": [
              {
                "http_endpoint": "enabled",
                "http_protocol_ipv6": "disabled",
                "http_put_response_hop_limit": 1,
                "http_tokens": "optional",
                "instance_metadata_tags": "disabled"
              }
            ],
            "monitoring": false,
            "network_interface": [],
            "outpost_arn": "",
            "password_data": "",
            "placement_group": "",
            "placement_partition_number": 0,
            "primary_network_interface_id": "eni-0d1d2012ea0c47d5b",
            "private_dns": "ip-10-0-0-19.ec2.internal",
            "private_dns_name_options": [
              {
                "enable_resource_name_dns_a_record": false,
                "enable_resource_name_dns_aaaa_record": false,
                "hostname_type": "ip-name"
              }
            ],
            "private_ip": "10.0.0.19",
            "public_dns": "ec2-34-207-184-87.compute-1.amazonaws.com",
            "public_ip": "34.207.184.87",
            "root_block_device": [
              {
                "delete_on_termination": true,
                "device_name": "/dev/sda1",
                "encrypted": false,
                "iops": 100,
                "kms_key_id": "",
                "tags": {},
                "throughput": 0,
                "volume_id": "vol-02d156d9ad3928bfb",
                "volume_size": 8,
                "volume_type": "gp2"
              }
            ],
            "secondary_private_ips": [],
            "security_groups": [],
            "source_dest_check": true,
            "spot_instance_request_id": "",
            "subnet_id": "subnet-0e57fff842686b90e",
            "tags": {
              "Name": "Ansible",
              "Project": "Devops"
            },
            "tags_all": {
              "Name": "Ansible",
              "Project": "Devops"
            },
            "tenancy": "default",
            "timeouts": null,
            "user_data": "ae7c2ac106c28729086df2bb104299f25bcc3ece",
            "user_data_base64": null,
            "user_data_replace_on_change": false,
            "volume_tags": null,
            "vpc_security_group_ids": [
              "sg-088d090f152da6a06"
            ]
          },
          "sensitive_attributes": [],
          "private": "eyJlMmJmYjczMC1lY2FhLTExZTYtOGY4OC0zNDM2M2JjN2M0YzAiOnsiY3JlYXRlIjo2MDAwMDAwMDAwMDAsImRlbGV0ZSI6MTIwMDAwMDAwMDAwMCwidXBkYXRlIjo2MDAwMDAwMDAwMDB9LCJzY2hlbWFfdmVyc2lvbiI6IjEifQ==",
          "dependencies": [
            "aws_key_pair.TF_key",
            "module.vpc.aws_security_group.bastion",
            "module.vpc.aws_security_group.dbserver",
            "module.vpc.aws_security_group.webserver",
            "module.vpc.aws_subnet.pub1",
            "module.vpc.aws_vpc.vpc",
            "module.vpc.data.aws_availability_zones.available",
            "tls_private_key.rsa"
          ]
        }
      ]
    },
    {
      "module": "module.ec2",
      "mode": "managed",
      "type": "aws_instance",
      "name": "jenkins",
      "provider": "provider[\"registry.terraform.io/hashicorp/aws\"]",
      "instances": [
        {
          "schema_version": 1,
          "attributes": {
            "ami": "ami-0fc5d935ebf8bc3bc",
            "arn": "arn:aws:ec2:us-east-1:304480047449:instance/i-01c0ebe149eaee989",
            "associate_public_ip_address": true,
            "availability_zone": "us-east-1a",
            "capacity_reservation_specification": [
              {
                "capacity_reservation_preference": "open",
                "capacity_reservation_target": []
              }
            ],
            "cpu_core_count": 1,
            "cpu_options": [
              {
                "amd_sev_snp": "",
                "core_count": 1,
                "threads_per_core": 1
              }
            ],
            "cpu_threads_per_core": 1,
            "credit_specification": [
              {
                "cpu_credits": "standard"
              }
            ],
            "disable_api_stop": false,
            "disable_api_termination": false,
            "ebs_block_device": [],
            "ebs_optimized": false,
            "enclave_options": [
              {
                "enabled": false
              }
            ],
            "ephemeral_block_device": [],
            "get_password_data": false,
            "hibernation": false,
            "host_id": "",
            "host_resource_group_arn": null,
            "iam_instance_profile": "",
            "id": "i-01c0ebe149eaee989",
            "instance_initiated_shutdown_behavior": "stop",
            "instance_lifecycle": "",
            "instance_market_options": [],
            "instance_state": "running",
            "instance_type": "t2.micro",
            "ipv6_address_count": 0,
            "ipv6_addresses": [],
            "key_name": "Devops",
            "launch_template": [],
            "maintenance_options": [
              {
                "auto_recovery": "default"
              }
            ],
            "metadata_options": [
              {
                "http_endpoint": "enabled",
                "http_protocol_ipv6": "disabled",
                "http_put_response_hop_limit": 1,
                "http_tokens": "optional",
                "instance_metadata_tags": "disabled"
              }
            ],
            "monitoring": false,
            "network_interface": [],
            "outpost_arn": "",
            "password_data": "",
            "placement_group": "",
            "placement_partition_number": 0,
            "primary_network_interface_id": "eni-0edf1b092d9e74b19",
            "private_dns": "ip-10-0-0-9.ec2.internal",
            "private_dns_name_options": [
              {
                "enable_resource_name_dns_a_record": false,
                "enable_resource_name_dns_aaaa_record": false,
                "hostname_type": "ip-name"
              }
            ],
            "private_ip": "10.0.0.9",
            "public_dns": "ec2-52-201-7-114.compute-1.amazonaws.com",
            "public_ip": "52.201.7.114",
            "root_block_device": [
              {
                "delete_on_termination": true,
                "device_name": "/dev/sda1",
                "encrypted": false,
                "iops": 100,
                "kms_key_id": "",
                "tags": {},
                "throughput": 0,
                "volume_id": "vol-00784c67ac0d40d2a",
                "volume_size": 8,
                "volume_type": "gp2"
              }
            ],
            "secondary_private_ips": [],
            "security_groups": [],
            "source_dest_check": true,
            "spot_instance_request_id": "",
            "subnet_id": "subnet-0e57fff842686b90e",
            "tags": {
              "Name": "Jenkins",
              "Project": "Devops"
            },
            "tags_all": {
              "Name": "Jenkins",
              "Project": "Devops"
            },
            "tenancy": "default",
            "timeouts": null,
            "user_data": "ae7c2ac106c28729086df2bb104299f25bcc3ece",
            "user_data_base64": null,
            "user_data_replace_on_change": false,
            "volume_tags": null,
            "vpc_security_group_ids": [
              "sg-0a680ae53b68dfacd"
            ]
          },
          "sensitive_attributes": [],
          "private": "eyJlMmJmYjczMC1lY2FhLTExZTYtOGY4OC0zNDM2M2JjN2M0YzAiOnsiY3JlYXRlIjo2MDAwMDAwMDAwMDAsImRlbGV0ZSI6MTIwMDAwMDAwMDAwMCwidXBkYXRlIjo2MDAwMDAwMDAwMDB9LCJzY2hlbWFfdmVyc2lvbiI6IjEifQ==",
          "dependencies": [
            "aws_key_pair.TF_key",
            "module.vpc.aws_security_group.bastion",
            "module.vpc.aws_security_group.dbserver",
            "module.vpc.aws_security_group.webserver",
            "module.vpc.aws_subnet.pub1",
            "module.vpc.aws_vpc.vpc",
            "module.vpc.data.aws_availability_zones.available",
            "tls_private_key.rsa"
          ]
        }
      ]
    },
    {
      "module": "module.ec2",
      "mode": "managed",
      "type": "aws_instance",
      "name": "master",
      "provider": "provider[\"registry.terraform.io/hashicorp/aws\"]",
      "instances": [
        {
          "schema_version": 1,
          "attributes": {
            "ami": "ami-0fc5d935ebf8bc3bc",
            "arn": "arn:aws:ec2:us-east-1:304480047449:instance/i-023185427bd1eee54",
            "associate_public_ip_address": true,
            "availability_zone": "us-east-1a",
            "capacity_reservation_specification": [
              {
                "capacity_reservation_preference": "open",
                "capacity_reservation_target": []
              }
            ],
            "cpu_core_count": 1,
            "cpu_options": [
              {
                "amd_sev_snp": "",
                "core_count": 1,
                "threads_per_core": 1
              }
            ],
            "cpu_threads_per_core": 1,
            "credit_specification": [
              {
                "cpu_credits": "standard"
              }
            ],
            "disable_api_stop": false,
            "disable_api_termination": false,
            "ebs_block_device": [],
            "ebs_optimized": false,
            "enclave_options": [
              {
                "enabled": false
              }
            ],
            "ephemeral_block_device": [],
            "get_password_data": false,
            "hibernation": false,
            "host_id": "",
            "host_resource_group_arn": null,
            "iam_instance_profile": "",
            "id": "i-023185427bd1eee54",
            "instance_initiated_shutdown_behavior": "stop",
            "instance_lifecycle": "",
            "instance_market_options": [],
            "instance_state": "running",
            "instance_type": "t2.micro",
            "ipv6_address_count": 0,
            "ipv6_addresses": [],
            "key_name": "Devops",
            "launch_template": [],
            "maintenance_options": [
              {
                "auto_recovery": "default"
              }
            ],
            "metadata_options": [
              {
                "http_endpoint": "enabled",
                "http_protocol_ipv6": "disabled",
                "http_put_response_hop_limit": 1,
                "http_tokens": "optional",
                "instance_metadata_tags": "disabled"
              }
            ],
            "monitoring": false,
            "network_interface": [],
            "outpost_arn": "",
            "password_data": "",
            "placement_group": "",
            "placement_partition_number": 0,
            "primary_network_interface_id": "eni-0af929d40ae6ef199",
            "private_dns": "ip-10-0-0-200.ec2.internal",
            "private_dns_name_options": [
              {
                "enable_resource_name_dns_a_record": false,
                "enable_resource_name_dns_aaaa_record": false,
                "hostname_type": "ip-name"
              }
            ],
            "private_ip": "10.0.0.200",
            "public_dns": "ec2-18-234-61-226.compute-1.amazonaws.com",
            "public_ip": "18.234.61.226",
            "root_block_device": [
              {
                "delete_on_termination": true,
                "device_name": "/dev/sda1",
                "encrypted": false,
                "iops": 100,
                "kms_key_id": "",
                "tags": {},
                "throughput": 0,
                "volume_id": "vol-067c72fef18f1ae3f",
                "volume_size": 8,
                "volume_type": "gp2"
              }
            ],
            "secondary_private_ips": [],
            "security_groups": [],
            "source_dest_check": true,
            "spot_instance_request_id": "",
            "subnet_id": "subnet-0e57fff842686b90e",
            "tags": {
              "Name": "Master",
              "Project": "Devops"
            },
            "tags_all": {
              "Name": "Master",
              "Project": "Devops"
            },
            "tenancy": "default",
            "timeouts": null,
            "user_data": "ae7c2ac106c28729086df2bb104299f25bcc3ece",
            "user_data_base64": null,
            "user_data_replace_on_change": false,
            "volume_tags": null,
            "vpc_security_group_ids": [
              "sg-012f5d85775cac667"
            ]
          },
          "sensitive_attributes": [],
          "private": "eyJlMmJmYjczMC1lY2FhLTExZTYtOGY4OC0zNDM2M2JjN2M0YzAiOnsiY3JlYXRlIjo2MDAwMDAwMDAwMDAsImRlbGV0ZSI6MTIwMDAwMDAwMDAwMCwidXBkYXRlIjo2MDAwMDAwMDAwMDB9LCJzY2hlbWFfdmVyc2lvbiI6IjEifQ==",
          "dependencies": [
            "aws_key_pair.TF_key",
            "module.vpc.aws_security_group.bastion",
            "module.vpc.aws_security_group.dbserver",
            "module.vpc.aws_security_group.webserver",
            "module.vpc.aws_subnet.pub1",
            "module.vpc.aws_vpc.vpc",
            "module.vpc.data.aws_availability_zones.available",
            "tls_private_key.rsa"
          ]
        }
      ]
    },
    {
      "module": "module.ec2",
      "mode": "managed",
      "type": "aws_instance",
      "name": "worker",
      "provider": "provider[\"registry.terraform.io/hashicorp/aws\"]",
      "instances": [
        {
          "schema_version": 1,
          "attributes": {
            "ami": "ami-0fc5d935ebf8bc3bc",
            "arn": "arn:aws:ec2:us-east-1:304480047449:instance/i-0a5caaa1ec9f0bba8",
            "associate_public_ip_address": true,
            "availability_zone": "us-east-1a",
            "capacity_reservation_specification": [
              {
                "capacity_reservation_preference": "open",
                "capacity_reservation_target": []
              }
            ],
            "cpu_core_count": 1,
            "cpu_options": [
              {
                "amd_sev_snp": "",
                "core_count": 1,
                "threads_per_core": 1
              }
            ],
            "cpu_threads_per_core": 1,
            "credit_specification": [
              {
                "cpu_credits": "standard"
              }
            ],
            "disable_api_stop": false,
            "disable_api_termination": false,
            "ebs_block_device": [],
            "ebs_optimized": false,
            "enclave_options": [
              {
                "enabled": false
              }
            ],
            "ephemeral_block_device": [],
            "get_password_data": false,
            "hibernation": false,
            "host_id": "",
            "host_resource_group_arn": null,
            "iam_instance_profile": "",
            "id": "i-0a5caaa1ec9f0bba8",
            "instance_initiated_shutdown_behavior": "stop",
            "instance_lifecycle": "",
            "instance_market_options": [],
            "instance_state": "running",
            "instance_type": "t2.micro",
            "ipv6_address_count": 0,
            "ipv6_addresses": [],
            "key_name": "Devops",
            "launch_template": [],
            "maintenance_options": [
              {
                "auto_recovery": "default"
              }
            ],
            "metadata_options": [
              {
                "http_endpoint": "enabled",
                "http_protocol_ipv6": "disabled",
                "http_put_response_hop_limit": 1,
                "http_tokens": "optional",
                "instance_metadata_tags": "disabled"
              }
            ],
            "monitoring": false,
            "network_interface": [],
            "outpost_arn": "",
            "password_data": "",
            "placement_group": "",
            "placement_partition_number": 0,
            "primary_network_interface_id": "eni-0175bbc48a5ad032c",
            "private_dns": "ip-10-0-0-83.ec2.internal",
            "private_dns_name_options": [
              {
                "enable_resource_name_dns_a_record": false,
                "enable_resource_name_dns_aaaa_record": false,
                "hostname_type": "ip-name"
              }
            ],
            "private_ip": "10.0.0.83",
            "public_dns": "ec2-54-226-133-32.compute-1.amazonaws.com",
            "public_ip": "54.226.133.32",
            "root_block_device": [
              {
                "delete_on_termination": true,
                "device_name": "/dev/sda1",
                "encrypted": false,
                "iops": 100,
                "kms_key_id": "",
                "tags": {},
                "throughput": 0,
                "volume_id": "vol-0f2515a7fc6e4e773",
                "volume_size": 8,
                "volume_type": "gp2"
              }
            ],
            "secondary_private_ips": [],
            "security_groups": [],
            "source_dest_check": true,
            "spot_instance_request_id": "",
            "subnet_id": "subnet-0e57fff842686b90e",
            "tags": {
              "Name": "Worker",
              "Project": "Devops"
            },
            "tags_all": {
              "Name": "Worker",
              "Project": "Devops"
            },
            "tenancy": "default",
            "timeouts": null,
            "user_data": "ae7c2ac106c28729086df2bb104299f25bcc3ece",
            "user_data_base64": null,
            "user_data_replace_on_change": false,
            "volume_tags": null,
            "vpc_security_group_ids": [
              "sg-012f5d85775cac667"
            ]
          },
          "sensitive_attributes": [],
          "private": "eyJlMmJmYjczMC1lY2FhLTExZTYtOGY4OC0zNDM2M2JjN2M0YzAiOnsiY3JlYXRlIjo2MDAwMDAwMDAwMDAsImRlbGV0ZSI6MTIwMDAwMDAwMDAwMCwidXBkYXRlIjo2MDAwMDAwMDAwMDB9LCJzY2hlbWFfdmVyc2lvbiI6IjEifQ==",
          "dependencies": [
            "aws_key_pair.TF_key",
            "module.vpc.aws_security_group.bastion",
            "module.vpc.aws_security_group.dbserver",
            "module.vpc.aws_security_group.webserver",
            "module.vpc.aws_subnet.pub1",
            "module.vpc.aws_vpc.vpc",
            "module.vpc.data.aws_availability_zones.available",
            "tls_private_key.rsa"
          ]
        }
      ]
    },
    {
      "module": "module.vpc",
      "mode": "data",
      "type": "aws_availability_zones",
      "name": "available",
      "provider": "provider[\"registry.terraform.io/hashicorp/aws\"]",
      "instances": [
        {
          "schema_version": 0,
          "attributes": {
            "all_availability_zones": null,
            "exclude_names": null,
            "exclude_zone_ids": null,
            "filter": null,
            "group_names": [
              "us-east-1"
            ],
            "id": "us-east-1",
            "names": [
              "us-east-1a",
              "us-east-1b",
              "us-east-1c",
              "us-east-1d",
              "us-east-1e",
              "us-east-1f"
            ],
            "state": "available",
            "timeouts": null,
            "zone_ids": [
              "use1-az4",
              "use1-az6",
              "use1-az1",
              "use1-az2",
              "use1-az3",
              "use1-az5"
            ]
          },
          "sensitive_attributes": []
        }
      ]
    },
    {
      "module": "module.vpc",
      "mode": "managed",
      "type": "aws_internet_gateway",
      "name": "igw",
      "provider": "provider[\"registry.terraform.io/hashicorp/aws\"]",
      "instances": [
        {
          "schema_version": 0,
          "attributes": {
            "arn": "arn:aws:ec2:us-east-1:304480047449:internet-gateway/igw-02808117df790fb53",
            "id": "igw-02808117df790fb53",
            "owner_id": "304480047449",
            "tags": {
              "Name": "trourest-igw",
              "Project": "Devops"
            },
            "tags_all": {
              "Name": "trourest-igw",
              "Project": "Devops"
            },
            "timeouts": null,
            "vpc_id": "vpc-05dac657b9297dcd5"
          },
          "sensitive_attributes": [],
          "private": "eyJlMmJmYjczMC1lY2FhLTExZTYtOGY4OC0zNDM2M2JjN2M0YzAiOnsiY3JlYXRlIjoxMjAwMDAwMDAwMDAwLCJkZWxldGUiOjEyMDAwMDAwMDAwMDAsInVwZGF0ZSI6MTIwMDAwMDAwMDAwMH19",
          "dependencies": [
            "module.vpc.aws_vpc.vpc"
          ]
        }
      ]
    },
    {
      "module": "module.vpc",
      "mode": "managed",
      "type": "aws_route_table",
      "name": "public",
      "provider": "provider[\"registry.terraform.io/hashicorp/aws\"]",
      "instances": [
        {
          "schema_version": 0,
          "attributes": {
            "arn": "arn:aws:ec2:us-east-1:304480047449:route-table/rtb-0a2cd4b92ba1343b4",
            "id": "rtb-0a2cd4b92ba1343b4",
            "owner_id": "304480047449",
            "propagating_vgws": [],
            "route": [
              {
                "carrier_gateway_id": "",
                "cidr_block": "0.0.0.0/0",
                "core_network_arn": "",
                "destination_prefix_list_id": "",
                "egress_only_gateway_id": "",
                "gateway_id": "igw-02808117df790fb53",
                "ipv6_cidr_block": "",
                "local_gateway_id": "",
                "nat_gateway_id": "",
                "network_interface_id": "",
                "transit_gateway_id": "",
                "vpc_endpoint_id": "",
                "vpc_peering_connection_id": ""
              }
            ],
            "tags": {
              "Name": "trourest-public-rtb",
              "Project": "Devops"
            },
            "tags_all": {
              "Name": "trourest-public-rtb",
              "Project": "Devops"
            },
            "timeouts": null,
            "vpc_id": "vpc-05dac657b9297dcd5"
          },
          "sensitive_attributes": [],
          "private": "eyJlMmJmYjczMC1lY2FhLTExZTYtOGY4OC0zNDM2M2JjN2M0YzAiOnsiY3JlYXRlIjozMDAwMDAwMDAwMDAsImRlbGV0ZSI6MzAwMDAwMDAwMDAwLCJ1cGRhdGUiOjEyMDAwMDAwMDAwMH19",
          "dependencies": [
            "module.vpc.aws_internet_gateway.igw",
            "module.vpc.aws_vpc.vpc"
          ]
        }
      ]
    },
    {
      "module": "module.vpc",
      "mode": "managed",
      "type": "aws_route_table_association",
      "name": "pub1",
      "provider": "provider[\"registry.terraform.io/hashicorp/aws\"]",
      "instances": [
        {
          "schema_version": 0,
          "attributes": {
            "gateway_id": "",
            "id": "rtbassoc-0b2533549514a6680",
            "route_table_id": "rtb-0a2cd4b92ba1343b4",
            "subnet_id": "subnet-0e57fff842686b90e",
            "timeouts": null
          },
          "sensitive_attributes": [],
          "private": "eyJlMmJmYjczMC1lY2FhLTExZTYtOGY4OC0zNDM2M2JjN2M0YzAiOnsiY3JlYXRlIjozMDAwMDAwMDAwMDAsImRlbGV0ZSI6MzAwMDAwMDAwMDAwLCJ1cGRhdGUiOjEyMDAwMDAwMDAwMH19",
          "dependencies": [
            "module.vpc.aws_internet_gateway.igw",
            "module.vpc.aws_route_table.public",
            "module.vpc.aws_subnet.pub1",
            "module.vpc.aws_vpc.vpc",
            "module.vpc.data.aws_availability_zones.available"
          ]
        }
      ]
    },
    {
      "module": "module.vpc",
      "mode": "managed",
      "type": "aws_route_table_association",
      "name": "pub2",
      "provider": "provider[\"registry.terraform.io/hashicorp/aws\"]",
      "instances": [
        {
          "schema_version": 0,
          "attributes": {
            "gateway_id": "",
            "id": "rtbassoc-0f2983d4a68420fce",
            "route_table_id": "rtb-0a2cd4b92ba1343b4",
            "subnet_id": "subnet-0111da83633e4e985",
            "timeouts": null
          },
          "sensitive_attributes": [],
          "private": "eyJlMmJmYjczMC1lY2FhLTExZTYtOGY4OC0zNDM2M2JjN2M0YzAiOnsiY3JlYXRlIjozMDAwMDAwMDAwMDAsImRlbGV0ZSI6MzAwMDAwMDAwMDAwLCJ1cGRhdGUiOjEyMDAwMDAwMDAwMH19",
          "dependencies": [
            "module.vpc.aws_internet_gateway.igw",
            "module.vpc.aws_route_table.public",
            "module.vpc.aws_subnet.pub2",
            "module.vpc.aws_vpc.vpc",
            "module.vpc.data.aws_availability_zones.available"
          ]
        }
      ]
    },
    {
      "module": "module.vpc",
      "mode": "managed",
      "type": "aws_route_table_association",
      "name": "pub3",
      "provider": "provider[\"registry.terraform.io/hashicorp/aws\"]",
      "instances": [
        {
          "schema_version": 0,
          "attributes": {
            "gateway_id": "",
            "id": "rtbassoc-03f0349448f891eb7",
            "route_table_id": "rtb-0a2cd4b92ba1343b4",
            "subnet_id": "subnet-004bf298f4e05a2a8",
            "timeouts": null
          },
          "sensitive_attributes": [],
          "private": "eyJlMmJmYjczMC1lY2FhLTExZTYtOGY4OC0zNDM2M2JjN2M0YzAiOnsiY3JlYXRlIjozMDAwMDAwMDAwMDAsImRlbGV0ZSI6MzAwMDAwMDAwMDAwLCJ1cGRhdGUiOjEyMDAwMDAwMDAwMH19",
          "dependencies": [
            "module.vpc.aws_internet_gateway.igw",
            "module.vpc.aws_route_table.public",
            "module.vpc.aws_subnet.pub3",
            "module.vpc.aws_vpc.vpc",
            "module.vpc.data.aws_availability_zones.available"
          ]
        }
      ]
    },
    {
      "module": "module.vpc",
      "mode": "managed",
      "type": "aws_security_group",
      "name": "bastion",
      "provider": "provider[\"registry.terraform.io/hashicorp/aws\"]",
      "instances": [
        {
          "schema_version": 1,
          "attributes": {
            "arn": "arn:aws:ec2:us-east-1:304480047449:security-group/sg-012f5d85775cac667",
            "description": "Allows access to port 22",
            "egress": [
              {
                "cidr_blocks": [
                  "0.0.0.0/0"
                ],
                "description": "",
                "from_port": 0,
                "ipv6_cidr_blocks": [
                  "::/0"
                ],
                "prefix_list_ids": [],
                "protocol": "-1",
                "security_groups": [],
                "self": false,
                "to_port": 0
              }
            ],
            "id": "sg-012f5d85775cac667",
            "ingress": [
              {
                "cidr_blocks": [
                  "0.0.0.0/0"
                ],
                "description": "",
                "from_port": 22,
                "ipv6_cidr_blocks": [
                  "::/0"
                ],
                "prefix_list_ids": [],
                "protocol": "tcp",
                "security_groups": [],
                "self": false,
                "to_port": 22
              }
            ],
            "name": "Devops-bastion",
            "name_prefix": "",
            "owner_id": "304480047449",
            "revoke_rules_on_delete": false,
            "tags": {
              "Name": "trourest-bastion"
            },
            "tags_all": {
              "Name": "trourest-bastion"
            },
            "timeouts": null,
            "vpc_id": "vpc-05dac657b9297dcd5"
          },
          "sensitive_attributes": [],
          "private": "eyJlMmJmYjczMC1lY2FhLTExZTYtOGY4OC0zNDM2M2JjN2M0YzAiOnsiY3JlYXRlIjo2MDAwMDAwMDAwMDAsImRlbGV0ZSI6OTAwMDAwMDAwMDAwfSwic2NoZW1hX3ZlcnNpb24iOiIxIn0=",
          "dependencies": [
            "module.vpc.aws_vpc.vpc"
          ]
        }
      ]
    },
    {
      "module": "module.vpc",
      "mode": "managed",
      "type": "aws_security_group",
      "name": "dbserver",
      "provider": "provider[\"registry.terraform.io/hashicorp/aws\"]",
      "instances": [
        {
          "schema_version": 1,
          "attributes": {
            "arn": "arn:aws:ec2:us-east-1:304480047449:security-group/sg-088d090f152da6a06",
            "description": "Allows access to port 3306 and 22",
            "egress": [
              {
                "cidr_blocks": [
                  "0.0.0.0/0"
                ],
                "description": "",
                "from_port": 0,
                "ipv6_cidr_blocks": [
                  "::/0"
                ],
                "prefix_list_ids": [],
                "protocol": "-1",
                "security_groups": [],
                "self": false,
                "to_port": 0
              }
            ],
            "id": "sg-088d090f152da6a06",
            "ingress": [
              {
                "cidr_blocks": [
                  "0.0.0.0/0"
                ],
                "description": "",
                "from_port": 22,
                "ipv6_cidr_blocks": [],
                "prefix_list_ids": [],
                "protocol": "tcp",
                "security_groups": [
                  "sg-012f5d85775cac667"
                ],
                "self": false,
                "to_port": 22
              },
              {
                "cidr_blocks": [
                  "0.0.0.0/0"
                ],
                "description": "",
                "from_port": 3306,
                "ipv6_cidr_blocks": [],
                "prefix_list_ids": [],
                "protocol": "tcp",
                "security_groups": [
                  "sg-0a680ae53b68dfacd"
                ],
                "self": false,
                "to_port": 3306
              }
            ],
            "name": "Devops-dbserver",
            "name_prefix": "",
            "owner_id": "304480047449",
            "revoke_rules_on_delete": false,
            "tags": {
              "Name": "trourest-dbserver"
            },
            "tags_all": {
              "Name": "trourest-dbserver"
            },
            "timeouts": null,
            "vpc_id": "vpc-05dac657b9297dcd5"
          },
          "sensitive_attributes": [],
          "private": "eyJlMmJmYjczMC1lY2FhLTExZTYtOGY4OC0zNDM2M2JjN2M0YzAiOnsiY3JlYXRlIjo2MDAwMDAwMDAwMDAsImRlbGV0ZSI6OTAwMDAwMDAwMDAwfSwic2NoZW1hX3ZlcnNpb24iOiIxIn0=",
          "dependencies": [
            "module.vpc.aws_security_group.bastion",
            "module.vpc.aws_security_group.webserver",
            "module.vpc.aws_vpc.vpc"
          ]
        }
      ]
    },
    {
      "module": "module.vpc",
      "mode": "managed",
      "type": "aws_security_group",
      "name": "webserver",
      "provider": "provider[\"registry.terraform.io/hashicorp/aws\"]",
      "instances": [
        {
          "schema_version": 1,
          "attributes": {
            "arn": "arn:aws:ec2:us-east-1:304480047449:security-group/sg-0a680ae53b68dfacd",
            "description": "Allows access to ports 22, 80, 443, 3306, 8080",
            "egress": [
              {
                "cidr_blocks": [
                  "0.0.0.0/0"
                ],
                "description": "",
                "from_port": 0,
                "ipv6_cidr_blocks": [
                  "::/0"
                ],
                "prefix_list_ids": [],
                "protocol": "-1",
                "security_groups": [],
                "self": false,
                "to_port": 0
              }
            ],
            "id": "sg-0a680ae53b68dfacd",
            "ingress": [
              {
                "cidr_blocks": [
                  "0.0.0.0/0"
                ],
                "description": "",
                "from_port": 22,
                "ipv6_cidr_blocks": [
                  "::/0"
                ],
                "prefix_list_ids": [],
                "protocol": "tcp",
                "security_groups": [],
                "self": false,
                "to_port": 22
              },
              {
                "cidr_blocks": [
                  "0.0.0.0/0"
                ],
                "description": "",
                "from_port": 443,
                "ipv6_cidr_blocks": [
                  "::/0"
                ],
                "prefix_list_ids": [],
                "protocol": "tcp",
                "security_groups": [],
                "self": false,
                "to_port": 443
              },
              {
                "cidr_blocks": [
                  "0.0.0.0/0"
                ],
                "description": "",
                "from_port": 8080,
                "ipv6_cidr_blocks": [
                  "::/0"
                ],
                "prefix_list_ids": [],
                "protocol": "tcp",
                "security_groups": [],
                "self": false,
                "to_port": 8080
              },
              {
                "cidr_blocks": [
                  "0.0.0.0/0"
                ],
                "description": "",
                "from_port": 80,
                "ipv6_cidr_blocks": [
                  "::/0"
                ],
                "prefix_list_ids": [],
                "protocol": "tcp",
                "security_groups": [],
                "self": false,
                "to_port": 80
              }
            ],
            "name": "Devops-webserver",
            "name_prefix": "",
            "owner_id": "304480047449",
            "revoke_rules_on_delete": false,
            "tags": {
              "Name": "trourest-webserver"
            },
            "tags_all": {
              "Name": "trourest-webserver"
            },
            "timeouts": null,
            "vpc_id": "vpc-05dac657b9297dcd5"
          },
          "sensitive_attributes": [],
          "private": "eyJlMmJmYjczMC1lY2FhLTExZTYtOGY4OC0zNDM2M2JjN2M0YzAiOnsiY3JlYXRlIjo2MDAwMDAwMDAwMDAsImRlbGV0ZSI6OTAwMDAwMDAwMDAwfSwic2NoZW1hX3ZlcnNpb24iOiIxIn0=",
          "dependencies": [
            "module.vpc.aws_vpc.vpc"
          ]
        }
      ]
    },
    {
      "module": "module.vpc",
      "mode": "managed",
      "type": "aws_subnet",
      "name": "priv1",
      "provider": "provider[\"registry.terraform.io/hashicorp/aws\"]",
      "instances": [
        {
          "schema_version": 1,
          "attributes": {
            "arn": "arn:aws:ec2:us-east-1:304480047449:subnet/subnet-0a927d2400126c562",
            "assign_ipv6_address_on_creation": false,
            "availability_zone": "us-east-1a",
            "availability_zone_id": "use1-az4",
            "cidr_block": "10.0.3.0/24",
            "customer_owned_ipv4_pool": "",
            "enable_dns64": false,
            "enable_lni_at_device_index": 0,
            "enable_resource_name_dns_a_record_on_launch": false,
            "enable_resource_name_dns_aaaa_record_on_launch": false,
            "id": "subnet-0a927d2400126c562",
            "ipv6_cidr_block": "",
            "ipv6_cidr_block_association_id": "",
            "ipv6_native": false,
            "map_customer_owned_ip_on_launch": false,
            "map_public_ip_on_launch": true,
            "outpost_arn": "",
            "owner_id": "304480047449",
            "private_dns_hostname_type_on_launch": "ip-name",
            "tags": {
              "Name": "trourest-priv1",
              "Project": "Devops"
            },
            "tags_all": {
              "Name": "trourest-priv1",
              "Project": "Devops"
            },
            "timeouts": null,
            "vpc_id": "vpc-05dac657b9297dcd5"
          },
          "sensitive_attributes": [],
          "private": "eyJlMmJmYjczMC1lY2FhLTExZTYtOGY4OC0zNDM2M2JjN2M0YzAiOnsiY3JlYXRlIjo2MDAwMDAwMDAwMDAsImRlbGV0ZSI6MTIwMDAwMDAwMDAwMH0sInNjaGVtYV92ZXJzaW9uIjoiMSJ9",
          "dependencies": [
            "module.vpc.aws_vpc.vpc",
            "module.vpc.data.aws_availability_zones.available"
          ]
        }
      ]
    },
    {
      "module": "module.vpc",
      "mode": "managed",
      "type": "aws_subnet",
      "name": "pub1",
      "provider": "provider[\"registry.terraform.io/hashicorp/aws\"]",
      "instances": [
        {
          "schema_version": 1,
          "attributes": {
            "arn": "arn:aws:ec2:us-east-1:304480047449:subnet/subnet-0e57fff842686b90e",
            "assign_ipv6_address_on_creation": false,
            "availability_zone": "us-east-1a",
            "availability_zone_id": "use1-az4",
            "cidr_block": "10.0.0.0/24",
            "customer_owned_ipv4_pool": "",
            "enable_dns64": false,
            "enable_lni_at_device_index": 0,
            "enable_resource_name_dns_a_record_on_launch": false,
            "enable_resource_name_dns_aaaa_record_on_launch": false,
            "id": "subnet-0e57fff842686b90e",
            "ipv6_cidr_block": "",
            "ipv6_cidr_block_association_id": "",
            "ipv6_native": false,
            "map_customer_owned_ip_on_launch": false,
            "map_public_ip_on_launch": true,
            "outpost_arn": "",
            "owner_id": "304480047449",
            "private_dns_hostname_type_on_launch": "ip-name",
            "tags": {
              "Name": "trourest-pub1",
              "Project": "Devops"
            },
            "tags_all": {
              "Name": "trourest-pub1",
              "Project": "Devops"
            },
            "timeouts": null,
            "vpc_id": "vpc-05dac657b9297dcd5"
          },
          "sensitive_attributes": [],
          "private": "eyJlMmJmYjczMC1lY2FhLTExZTYtOGY4OC0zNDM2M2JjN2M0YzAiOnsiY3JlYXRlIjo2MDAwMDAwMDAwMDAsImRlbGV0ZSI6MTIwMDAwMDAwMDAwMH0sInNjaGVtYV92ZXJzaW9uIjoiMSJ9",
          "dependencies": [
            "module.vpc.aws_vpc.vpc",
            "module.vpc.data.aws_availability_zones.available"
          ]
        }
      ]
    },
    {
      "module": "module.vpc",
      "mode": "managed",
      "type": "aws_subnet",
      "name": "pub2",
      "provider": "provider[\"registry.terraform.io/hashicorp/aws\"]",
      "instances": [
        {
          "schema_version": 1,
          "attributes": {
            "arn": "arn:aws:ec2:us-east-1:304480047449:subnet/subnet-0111da83633e4e985",
            "assign_ipv6_address_on_creation": false,
            "availability_zone": "us-east-1b",
            "availability_zone_id": "use1-az6",
            "cidr_block": "10.0.1.0/24",
            "customer_owned_ipv4_pool": "",
            "enable_dns64": false,
            "enable_lni_at_device_index": 0,
            "enable_resource_name_dns_a_record_on_launch": false,
            "enable_resource_name_dns_aaaa_record_on_launch": false,
            "id": "subnet-0111da83633e4e985",
            "ipv6_cidr_block": "",
            "ipv6_cidr_block_association_id": "",
            "ipv6_native": false,
            "map_customer_owned_ip_on_launch": false,
            "map_public_ip_on_launch": true,
            "outpost_arn": "",
            "owner_id": "304480047449",
            "private_dns_hostname_type_on_launch": "ip-name",
            "tags": {
              "Name": "trourest-pub2",
              "Project": "Devops"
            },
            "tags_all": {
              "Name": "trourest-pub2",
              "Project": "Devops"
            },
            "timeouts": null,
            "vpc_id": "vpc-05dac657b9297dcd5"
          },
          "sensitive_attributes": [],
          "private": "eyJlMmJmYjczMC1lY2FhLTExZTYtOGY4OC0zNDM2M2JjN2M0YzAiOnsiY3JlYXRlIjo2MDAwMDAwMDAwMDAsImRlbGV0ZSI6MTIwMDAwMDAwMDAwMH0sInNjaGVtYV92ZXJzaW9uIjoiMSJ9",
          "dependencies": [
            "module.vpc.aws_vpc.vpc",
            "module.vpc.data.aws_availability_zones.available"
          ]
        }
      ]
    },
    {
      "module": "module.vpc",
      "mode": "managed",
      "type": "aws_subnet",
      "name": "pub3",
      "provider": "provider[\"registry.terraform.io/hashicorp/aws\"]",
      "instances": [
        {
          "schema_version": 1,
          "attributes": {
            "arn": "arn:aws:ec2:us-east-1:304480047449:subnet/subnet-004bf298f4e05a2a8",
            "assign_ipv6_address_on_creation": false,
            "availability_zone": "us-east-1c",
            "availability_zone_id": "use1-az1",
            "cidr_block": "10.0.2.0/24",
            "customer_owned_ipv4_pool": "",
            "enable_dns64": false,
            "enable_lni_at_device_index": 0,
            "enable_resource_name_dns_a_record_on_launch": false,
            "enable_resource_name_dns_aaaa_record_on_launch": false,
            "id": "subnet-004bf298f4e05a2a8",
            "ipv6_cidr_block": "",
            "ipv6_cidr_block_association_id": "",
            "ipv6_native": false,
            "map_customer_owned_ip_on_launch": false,
            "map_public_ip_on_launch": true,
            "outpost_arn": "",
            "owner_id": "304480047449",
            "private_dns_hostname_type_on_launch": "ip-name",
            "tags": {
              "Name": "trourest-pub2",
              "Project": "Devops"
            },
            "tags_all": {
              "Name": "trourest-pub2",
              "Project": "Devops"
            },
            "timeouts": null,
            "vpc_id": "vpc-05dac657b9297dcd5"
          },
          "sensitive_attributes": [],
          "private": "eyJlMmJmYjczMC1lY2FhLTExZTYtOGY4OC0zNDM2M2JjN2M0YzAiOnsiY3JlYXRlIjo2MDAwMDAwMDAwMDAsImRlbGV0ZSI6MTIwMDAwMDAwMDAwMH0sInNjaGVtYV92ZXJzaW9uIjoiMSJ9",
          "dependencies": [
            "module.vpc.aws_vpc.vpc",
            "module.vpc.data.aws_availability_zones.available"
          ]
        }
      ]
    },
    {
      "module": "module.vpc",
      "mode": "managed",
      "type": "aws_vpc",
      "name": "vpc",
      "provider": "provider[\"registry.terraform.io/hashicorp/aws\"]",
      "instances": [
        {
          "schema_version": 1,
          "attributes": {
            "arn": "arn:aws:ec2:us-east-1:304480047449:vpc/vpc-05dac657b9297dcd5",
            "assign_generated_ipv6_cidr_block": false,
            "cidr_block": "10.0.0.0/16",
            "default_network_acl_id": "acl-06973de889df638ae",
            "default_route_table_id": "rtb-04073d6b9de981c3d",
            "default_security_group_id": "sg-0ab132ed9d418a74f",
            "dhcp_options_id": "dopt-0f259c183e5733a4e",
            "enable_dns_hostnames": true,
            "enable_dns_support": true,
            "enable_network_address_usage_metrics": false,
            "id": "vpc-05dac657b9297dcd5",
            "instance_tenancy": "default",
            "ipv4_ipam_pool_id": null,
            "ipv4_netmask_length": null,
            "ipv6_association_id": "",
            "ipv6_cidr_block": "",
            "ipv6_cidr_block_network_border_group": "",
            "ipv6_ipam_pool_id": "",
            "ipv6_netmask_length": 0,
            "main_route_table_id": "rtb-04073d6b9de981c3d",
            "owner_id": "304480047449",
            "tags": {
              "Name": "trourest-vpc",
              "Project": "Devops"
            },
            "tags_all": {
              "Name": "trourest-vpc",
              "Project": "Devops"
            }
          },
          "sensitive_attributes": [],
          "private": "eyJzY2hlbWFfdmVyc2lvbiI6IjEifQ=="
        }
      ]
    }
  ],
  "check_results": null
}
