{
  "version": 4,
  "terraform_version": "1.6.3",
  "serial": 492,
  "lineage": "0f8083e9-0a9c-d961-642d-e9ea4ba2aafa",
  "outputs": {
    "ip_private_master": {
      "value": "10.0.0.55",
      "type": "string"
    },
    "ip_private_worker": {
      "value": "10.0.0.93",
      "type": "string"
    },
    "ip_public_ansible": {
      "value": "54.221.129.90",
      "type": "string"
    },
    "ip_public_jenkins": {
      "value": "3.91.32.131",
      "type": "string"
    },
    "ip_public_master": {
      "value": "54.227.126.11",
      "type": "string"
    },
    "ip_public_worker": {
      "value": "3.82.52.214",
      "type": "string"
    },
    "key_pair": {
      "value": "-----BEGIN PUBLIC KEY-----\nMIICIjANBgkqhkiG9w0BAQEFAAOCAg8AMIICCgKCAgEAz9AHARV/RaoPikaLhGlF\n94H73PN5mBbsnlS2HPRVZ8S8ZEWJAKVzbVU8eGnBe57aHZsZ7RumjY7jcSoWppvG\nZauabhCdaBd8Ch08NXjQ9O6+ekDvOSmmE9QydXNhY1fwQlK2IeVgEo8eAlOADAdx\nUGi9JzqnWlyIkTHnHwLLk31uScRzi3VA3oXyESnac10JHn6vNvD3K8gCv0z0+sV+\nwtd7CTitvLk45andqEJQhUmPbzOPlnRn2Q5DhwMPSiwCPMHNj6nvRwfclW3BUxcg\nczEu/NSemUGn5iCnDPSuUEcNKqWiPUGsDMO90hD7G74WDOpH1GDCt7m2nNdqnFjm\nykB2TKSWJvyNBWcXarfbBlimA6FEqhexLhWZj+k6A3J3d3duOXGW8vurcCdWlRg7\nAfVHb4aJpKrI2iUEW48UwdheUrzp+81iyqk7wOYj60UanJqYyctzhZwqime1r7se\nTBSTr7GycQzm75eBPr/0efnPjPfM/6o6SIeZ64Xm3kkwpzq/HpxOrzxLb91HQGmV\nB54Sc/0rFlpyioWAsNtw8Q/BrpsadE76KtNiIT7JFir/h3miWrQljocZUz32xPhQ\nPNXB/9b42GYLR6yAhWREq/msY8ThWr4J5I+wMfrxd19mTAIi2KQD6OJQem0ENZY7\njOAtIKqAanhL5NVN8dKol7cCAwEAAQ==\n-----END PUBLIC KEY-----\n",
      "type": "string",
      "sensitive": true
    },
    "security_subnet": {
      "value": "vpc-040c2239e852c4d78",
      "type": "string"
    }
  },
  "resources": [
    {
      "mode": "managed",
      "type": "aws_key_pair",
      "name": "TF_key",
      "provider": "provider[\"registry.terraform.io/hashicorp/aws\"]",
      "instances": [
        {
          "schema_version": 1,
          "attributes": {
            "arn": "arn:aws:ec2:us-east-1:304480047449:key-pair/Devops",
            "fingerprint": "b7:54:1e:76:fc:db:2d:50:27:b7:4d:a8:a8:22:48:92",
            "id": "Devops",
            "key_name": "Devops",
            "key_name_prefix": "",
            "key_pair_id": "key-0c5c531c208d30720",
            "key_type": "rsa",
            "public_key": "ssh-rsa AAAAB3NzaC1yc2EAAAADAQABAAACAQDP0AcBFX9Fqg+KRouEaUX3gfvc83mYFuyeVLYc9FVnxLxkRYkApXNtVTx4acF7ntodmxntG6aNjuNxKhamm8Zlq5puEJ1oF3wKHTw1eND07r56QO85KaYT1DJ1c2FjV/BCUrYh5WASjx4CU4AMB3FQaL0nOqdaXIiRMecfAsuTfW5JxHOLdUDehfIRKdpzXQkefq828PcryAK/TPT6xX7C13sJOK28uTjlqd2oQlCFSY9vM4+WdGfZDkOHAw9KLAI8wc2Pqe9HB9yVbcFTFyBzMS781J6ZQafmIKcM9K5QRw0qpaI9QawMw73SEPsbvhYM6kfUYMK3ubac12qcWObKQHZMpJYm/I0FZxdqt9sGWKYDoUSqF7EuFZmP6ToDcnd3d245cZby+6twJ1aVGDsB9UdvhomkqsjaJQRbjxTB2F5SvOn7zWLKqTvA5iPrRRqcmpjJy3OFnCqKZ7Wvux5MFJOvsbJxDObvl4E+v/R5+c+M98z/qjpIh5nrhebeSTCnOr8enE6vPEtv3UdAaZUHnhJz/SsWWnKKhYCw23DxD8Gumxp0Tvoq02IhPskWKv+HeaJatCWOhxlTPfbE+FA81cH/1vjYZgtHrICFZESr+axjxOFavgnkj7Ax+vF3X2ZMAiLYpAPo4lB6bQQ1ljuM4C0gqoBqeEvk1U3x0qiXtw==",
            "tags": {
              "Name": "trourest-bastion",
              "Project": "Devops"
            },
            "tags_all": {
              "Name": "trourest-bastion",
              "Project": "Devops"
            }
          },
          "sensitive_attributes": [],
          "private": "eyJzY2hlbWFfdmVyc2lvbiI6IjEifQ==",
          "dependencies": [
            "random_id.id",
            "tls_private_key.rsa"
          ]
        }
      ]
    },
    {
      "mode": "managed",
      "type": "local_file",
      "name": "TF-key",
      "provider": "provider[\"registry.terraform.io/hashicorp/local\"]",
      "instances": [
        {
          "schema_version": 0,
          "attributes": {
            "content": "-----BEGIN RSA PRIVATE KEY-----\nMIIJKgIBAAKCAgEAz9AHARV/RaoPikaLhGlF94H73PN5mBbsnlS2HPRVZ8S8ZEWJ\nAKVzbVU8eGnBe57aHZsZ7RumjY7jcSoWppvGZauabhCdaBd8Ch08NXjQ9O6+ekDv\nOSmmE9QydXNhY1fwQlK2IeVgEo8eAlOADAdxUGi9JzqnWlyIkTHnHwLLk31uScRz\ni3VA3oXyESnac10JHn6vNvD3K8gCv0z0+sV+wtd7CTitvLk45andqEJQhUmPbzOP\nlnRn2Q5DhwMPSiwCPMHNj6nvRwfclW3BUxcgczEu/NSemUGn5iCnDPSuUEcNKqWi\nPUGsDMO90hD7G74WDOpH1GDCt7m2nNdqnFjmykB2TKSWJvyNBWcXarfbBlimA6FE\nqhexLhWZj+k6A3J3d3duOXGW8vurcCdWlRg7AfVHb4aJpKrI2iUEW48UwdheUrzp\n+81iyqk7wOYj60UanJqYyctzhZwqime1r7seTBSTr7GycQzm75eBPr/0efnPjPfM\n/6o6SIeZ64Xm3kkwpzq/HpxOrzxLb91HQGmVB54Sc/0rFlpyioWAsNtw8Q/Brpsa\ndE76KtNiIT7JFir/h3miWrQljocZUz32xPhQPNXB/9b42GYLR6yAhWREq/msY8Th\nWr4J5I+wMfrxd19mTAIi2KQD6OJQem0ENZY7jOAtIKqAanhL5NVN8dKol7cCAwEA\nAQKCAgEAotYV9vJ6VQMpxCb9AddfvM68pWifGd60sGgef1exaGtPV57o+HmslbpZ\ndN0hgBV8QgCb8yBchMW3UKAzOYAMmPQ7QQ2B2eO1DVPVLu0phxNga/lfukH5YcY/\nd6reX/KzT7TyBGNwwXolgJsfVc2rK9+2f/vE0Nh7JpKc0L7m9/4sIl9uTpOlLfh1\nMp/CDe2TzLJl5z4v372M8YuC1tFUP6aLQTGJab0VaViOWF8GKzr1yqPzWmiCSyGT\nJkLugycy5ZrS0UTOOrFdVjW3a71ObxTWBcUxNVOuFXP2kf9Ua5ERLx60nx1LjIEA\nx48IxLdRHfOiLzdWvJIoFoPxhOtggyXIZw4h03Cql0O6RZ6DWMpGrqw5XC/OenPq\nXVqAZfxqjwInyuKBTiKDjNgML2zYsv/a5hsDGqYepvXuUWoVjEGst1GK7q/e8Hch\ncOWBef6Rnno63FZnx7rgwvTNOemmpQs1UBVWtiq8VlJ7fB49aIEl5nbcBUvY12qE\nWnaEJSn9nFDLit26N68blaVHtFjaaWRP7h8os4XqAcYpuyT8vb7FJytvhBIjTxde\nQZxXj83YIz0px1hQsToviKoUHYykoaz9pgyVybvl/fLZUvnv3splYRoeK74HNbu9\nRCBSpDINC6+FVHKqJd7xBNrDlrup0nTsUwcxds7Z4UxNIRpw6XkCggEBANK+xsTH\n/o6NsA8PAhx06gGqUYQSe6XhiqT9hy4THtNZF5LDCMLt24p0xCk04/M5AvmRL4Yi\nlAVfvfIbWg7kuLsc7R53hURekCuw1W5GDlS2kmdWCn7nNmLHzYp61+Sd4RmsB8Y8\nfW8x8zrHiArevs3VN4ohAq1x5+OF7mHAmVspwBqwsRI7Dwmu4WwJtYcej2vCGsLy\n5zpkSp/lEeNC4vXsVOSezk+DgyHQI61rvj+l1okoNINZ6pQAuUY3uEhaDHIkDLIO\nwhkO1GYj4LbTEsC0zN2oZHaZPiEEmdnJEmQEs3bgCEcUou3n00/RpVOTMS7ZKYVh\n2WTNPGhrAP26pF0CggEBAPxwCZFqR04RUemcMfx/tnI25itA/DGjt+gg1f5MKguG\n57Qt+qg/rGNXcnYtf9OnwGCn4M519lLcWvkuaWc6N+2jTKb5sqBrH9Mh4i+s7of+\nozvSzc8v5mJYiLjgqLbeTcm+ug6r6vbz6FAiUCkBf3UbeLvuODN+WO/poWk1x43E\nB/hUrf2L0xQ7Ij8QR5aCzStDaPhNZbQ8NrvCqvHwamXFoLKgSAueyfpQ71y++dfr\nMOKxeKigj7sKMLRJ+ey0ShMC4MNRHh0rnr7pCNyg5gbUxBsL2Ph8eJMYsF05dfuR\nyH9zgjEQEpPq7fQVSdwIE5grVQMMexIBeesctgoiqyMCggEBAJZIw5gqgoYH1kg2\nzKucWA+N9Il5YMGfP+5+eTrLGc1fmCbpfEL9ufRXZld4RyH4Qv3Tog9Gc0YNy3du\nN9+tDWspqpJyaw+hW7A8b0cvICMa+vZD7kInAaqZjyK0jWaTi6Vx/y1Hj6+O8EO3\nbHVL+MbxyKRw++bR9qpSpPcCkJnpAPxHik5U3VlrY4dWuSO9EEuo5Mqmy2vhfzHc\n+c+VsCHtQXCzKq6bOxUOx5Jw5f+fdIjkqeYNZfHbPkQrkffOd1eiC4eibJnP8HlS\nFnpptNLFW96pqdLFXv/OtyQOdlXq4EviYSTHO5TqH8+o0fvyWD1vUWOzroJqtSxF\nOjS2N2UCggEBAOrmdoDSHLgQdeCkb/89+FAftd7aAdNPPXrL01VnGljPmByaDH0z\ngv6OCPzfKeuSVfmbPh3gtu40DpOBFKPyEMkZA+L8x7Nu+5ZEGW2zxeLWmJ66crkx\nIXiyWcdvho9kHY515DxyzZovLSYkR+NgeXJHtflqmvGPyMK27HQyjxbkK2ZxpdYh\nnrFctWlphLQR00lG2Q71NoaY4XWml9u6k8dQN1EAxQnLILfFSHdNXsAFIuBPtK91\neUnbGacqj14sBiHas7wMZ7FNPdL4lj53mpUQt8tTIvtXF/wJJVQafCc0aRXwLl3p\nTuBF5FcU2D3fZhxbdif4HS2MIh8eAGc+C3ECggEAFmz6CYl8D2gBBl/p5IKrYcbC\n54hLb2hhRa4BUclyyxxjI3xFMMYRPwkxpuibvcJlXVUDwt3fWlVOtoynlX/ALBkE\nmxYA7jyRD3E03jd1dGJKY0ULZBKCyBAcywC28rfW+O0eNAkbsQNK98YM9KQhaoRf\nBqSXtqoN8R+PgSj0lywNJ/VBNSucNzZ22WN0RiYQ9U91ihYZ/Y6/viisBotji4+W\nXEihkoFUg7fHXC0YUGlOjCDS2bxeNVV+EXrGH7WZH8FOL9HS68Dj0O7LlMtfEx5s\n9ntdPqkj2dkkjMNQmQLLduH/089J9/FtaslzjK7YFQrEXynh0X6VYO+FxZvhYQ==\n-----END RSA PRIVATE KEY-----\n",
            "content_base64": null,
            "content_base64sha256": "T9D0B9E4gsGzwWlKFtBpCvZxlSgg465Ui9v10ZUeIoY=",
            "content_base64sha512": "zjWhJV5AZJzWTM5VW1DOUY0q+1hXx3GQjjLqq9WXIiqBAGR+dpG1B1tOARRaHiVpHwbMjr45SFHjQeC5vrLeQg==",
            "content_md5": "dbfdd7c10b2c9473c264cad3ed6b33b6",
            "content_sha1": "6757549069fb2f87de0f4e8aea74bcd7cd797217",
            "content_sha256": "4fd0f407d13882c1b3c1694a16d0690af671952820e3ae548bdbf5d1951e2286",
            "content_sha512": "ce35a1255e40649cd64cce555b50ce518d2afb5857c771908e32eaabd597222a8100647e7691b5075b4e01145a1e25691f06cc8ebe394851e341e0b9beb2de42",
            "directory_permission": "0777",
            "file_permission": "0777",
            "filename": "Devops.pem",
            "id": "6757549069fb2f87de0f4e8aea74bcd7cd797217",
            "sensitive_content": null,
            "source": null
          },
          "sensitive_attributes": [
            [
              {
                "type": "get_attr",
                "value": "content"
              }
            ]
          ],
          "dependencies": [
            "tls_private_key.rsa"
          ]
        }
      ]
    },
    {
      "mode": "managed",
      "type": "random_id",
      "name": "id",
      "provider": "provider[\"registry.terraform.io/hashicorp/random\"]",
      "instances": [
        {
          "schema_version": 0,
          "attributes": {
            "b64_std": "Q0xI11ifIXU=",
            "b64_url": "Q0xI11ifIXU",
            "byte_length": 8,
            "dec": "4849330988513173877",
            "hex": "434c48d7589f2175",
            "id": "Q0xI11ifIXU",
            "keepers": null,
            "prefix": null
          },
          "sensitive_attributes": []
        }
      ]
    },
    {
      "mode": "managed",
      "type": "tls_private_key",
      "name": "rsa",
      "provider": "provider[\"registry.terraform.io/hashicorp/tls\"]",
      "instances": [
        {
          "schema_version": 1,
          "attributes": {
            "algorithm": "RSA",
            "ecdsa_curve": "P224",
            "id": "126cfc671d304a1bdd17e49828561786be5eb723",
            "private_key_openssh": "-----BEGIN OPENSSH PRIVATE KEY-----\nb3BlbnNzaC1rZXktdjEAAAAABG5vbmUAAAAEbm9uZQAAAAAAAAABAAACFwAAAAdz\nc2gtcnNhAAAAAwEAAQAAAgEAz9AHARV/RaoPikaLhGlF94H73PN5mBbsnlS2HPRV\nZ8S8ZEWJAKVzbVU8eGnBe57aHZsZ7RumjY7jcSoWppvGZauabhCdaBd8Ch08NXjQ\n9O6+ekDvOSmmE9QydXNhY1fwQlK2IeVgEo8eAlOADAdxUGi9JzqnWlyIkTHnHwLL\nk31uScRzi3VA3oXyESnac10JHn6vNvD3K8gCv0z0+sV+wtd7CTitvLk45andqEJQ\nhUmPbzOPlnRn2Q5DhwMPSiwCPMHNj6nvRwfclW3BUxcgczEu/NSemUGn5iCnDPSu\nUEcNKqWiPUGsDMO90hD7G74WDOpH1GDCt7m2nNdqnFjmykB2TKSWJvyNBWcXarfb\nBlimA6FEqhexLhWZj+k6A3J3d3duOXGW8vurcCdWlRg7AfVHb4aJpKrI2iUEW48U\nwdheUrzp+81iyqk7wOYj60UanJqYyctzhZwqime1r7seTBSTr7GycQzm75eBPr/0\nefnPjPfM/6o6SIeZ64Xm3kkwpzq/HpxOrzxLb91HQGmVB54Sc/0rFlpyioWAsNtw\n8Q/BrpsadE76KtNiIT7JFir/h3miWrQljocZUz32xPhQPNXB/9b42GYLR6yAhWRE\nq/msY8ThWr4J5I+wMfrxd19mTAIi2KQD6OJQem0ENZY7jOAtIKqAanhL5NVN8dKo\nl7cAAAc4C29XYAtvV2AAAAAHc3NoLXJzYQAAAgEAz9AHARV/RaoPikaLhGlF94H7\n3PN5mBbsnlS2HPRVZ8S8ZEWJAKVzbVU8eGnBe57aHZsZ7RumjY7jcSoWppvGZaua\nbhCdaBd8Ch08NXjQ9O6+ekDvOSmmE9QydXNhY1fwQlK2IeVgEo8eAlOADAdxUGi9\nJzqnWlyIkTHnHwLLk31uScRzi3VA3oXyESnac10JHn6vNvD3K8gCv0z0+sV+wtd7\nCTitvLk45andqEJQhUmPbzOPlnRn2Q5DhwMPSiwCPMHNj6nvRwfclW3BUxcgczEu\n/NSemUGn5iCnDPSuUEcNKqWiPUGsDMO90hD7G74WDOpH1GDCt7m2nNdqnFjmykB2\nTKSWJvyNBWcXarfbBlimA6FEqhexLhWZj+k6A3J3d3duOXGW8vurcCdWlRg7AfVH\nb4aJpKrI2iUEW48UwdheUrzp+81iyqk7wOYj60UanJqYyctzhZwqime1r7seTBST\nr7GycQzm75eBPr/0efnPjPfM/6o6SIeZ64Xm3kkwpzq/HpxOrzxLb91HQGmVB54S\nc/0rFlpyioWAsNtw8Q/BrpsadE76KtNiIT7JFir/h3miWrQljocZUz32xPhQPNXB\n/9b42GYLR6yAhWREq/msY8ThWr4J5I+wMfrxd19mTAIi2KQD6OJQem0ENZY7jOAt\nIKqAanhL5NVN8dKol7cAAAADAQABAAACAQCi1hX28npVAynEJv0B11+8zrylaJ8Z\n3rSwaB5/V7Foa09Xnuj4eayVull03SGAFXxCAJvzIFyExbdQoDM5gAyY9DtBDYHZ\n47UNU9Uu7SmHE2Br+V+6Qflhxj93qt5f8rNPtPIEY3DBeiWAmx9Vzasr37Z/+8TQ\n2HsmkpzQvub3/iwiX25Ok6Ut+HUyn8IN7ZPMsmXnPi/fvYzxi4LW0VQ/potBMYlp\nvRVpWI5YXwYrOvXKo/NaaIJLIZMmQu6DJzLlmtLRRM46sV1WNbdrvU5vFNYFxTE1\nU64Vc/aR/1RrkREvHrSfHUuMgQDHjwjEt1Ed86IvN1a8kigWg/GE62CDJchnDiHT\ncKqXQ7pFnoNYykaurDlcL856c+pdWoBl/GqPAifK4oFOIoOM2AwvbNiy/9rmGwMa\nph6m9e5RahWMQay3UYrur97wdyFw5YF5/pGeejrcVmfHuuDC9M056aalCzVQFVa2\nKrxWUnt8Hj1ogSXmdtwFS9jXaoRadoQlKf2cUMuK3bo3rxuVpUe0WNppZE/uHyiz\nheoBxim7JPy9vsUnK2+EEiNPF15BnFePzdgjPSnHWFCxOi+IqhQdjKShrP2mDJXJ\nu+X98tlS+e/eymVhGh4rvgc1u71EIFKkMg0Lr4VUcqol3vEE2sOWu6nSdOxTBzF2\nztnhTE0hGnDpeQAAAQAWbPoJiXwPaAEGX+nkgqthxsLniEtvaGFFrgFRyXLLHGMj\nfEUwxhE/CTGm6Ju9wmVdVQPC3d9aVU62jKeVf8AsGQSbFgDuPJEPcTTeN3V0Ykpj\nRQtkEoLIEBzLALbyt9b47R40CRuxA0r3xgz0pCFqhF8GpJe2qg3xH4+BKPSXLA0n\n9UE1K5w3NnbZY3RGJhD1T3WKFhn9jr++KKwGi2OLj5ZcSKGSgVSDt8dcLRhQaU6M\nINLZvF41VX4ResYftZkfwU4v0dLrwOPQ7suUy18THmz2e10+qSPZ2SSMw1CZAst2\n4f/Tz0n38W1qyXOMrtgVCsRfKeHRfpVg74XFm+FhAAABAQDSvsbEx/6OjbAPDwIc\ndOoBqlGEEnul4Yqk/YcuEx7TWReSwwjC7duKdMQpNOPzOQL5kS+GIpQFX73yG1oO\n5Li7HO0ed4VEXpArsNVuRg5UtpJnVgp+5zZix82KetfkneEZrAfGPH1vMfM6x4gK\n3r7N1TeKIQKtcefjhe5hwJlbKcAasLESOw8JruFsCbWHHo9rwhrC8uc6ZEqf5RHj\nQuL17FTkns5Pg4Mh0COta74/pdaJKDSDWeqUALlGN7hIWgxyJAyyDsIZDtRmI+C2\n0xLAtMzdqGR2mT4hBJnZyRJkBLN24AhHFKLt59NP0aVTkzEu2SmFYdlkzTxoawD9\nuqRdAAABAQD8cAmRakdOEVHpnDH8f7ZyNuYrQPwxo7foINX+TCoLhue0LfqoP6xj\nV3J2LX/Tp8Bgp+DOdfZS3Fr5LmlnOjfto0ym+bKgax/TIeIvrO6H/qM70s3PL+Zi\nWIi44Ki23k3JvroOq+r28+hQIlApAX91G3i77jgzfljv6aFpNceNxAf4VK39i9MU\nOyI/EEeWgs0rQ2j4TWW0PDa7wqrx8GplxaCyoEgLnsn6UO9cvvnX6zDisXiooI+7\nCjC0SfnstEoTAuDDUR4dK56+6QjcoOYG1MQbC9j4fHiTGLBdOXX7kch/c4IxEBKT\n6u30FUncCBOYK1UDDHsSAXnrHLYKIqsjAAAAAAEC\n-----END OPENSSH PRIVATE KEY-----\n",
            "private_key_pem": "-----BEGIN RSA PRIVATE KEY-----\nMIIJKgIBAAKCAgEAz9AHARV/RaoPikaLhGlF94H73PN5mBbsnlS2HPRVZ8S8ZEWJ\nAKVzbVU8eGnBe57aHZsZ7RumjY7jcSoWppvGZauabhCdaBd8Ch08NXjQ9O6+ekDv\nOSmmE9QydXNhY1fwQlK2IeVgEo8eAlOADAdxUGi9JzqnWlyIkTHnHwLLk31uScRz\ni3VA3oXyESnac10JHn6vNvD3K8gCv0z0+sV+wtd7CTitvLk45andqEJQhUmPbzOP\nlnRn2Q5DhwMPSiwCPMHNj6nvRwfclW3BUxcgczEu/NSemUGn5iCnDPSuUEcNKqWi\nPUGsDMO90hD7G74WDOpH1GDCt7m2nNdqnFjmykB2TKSWJvyNBWcXarfbBlimA6FE\nqhexLhWZj+k6A3J3d3duOXGW8vurcCdWlRg7AfVHb4aJpKrI2iUEW48UwdheUrzp\n+81iyqk7wOYj60UanJqYyctzhZwqime1r7seTBSTr7GycQzm75eBPr/0efnPjPfM\n/6o6SIeZ64Xm3kkwpzq/HpxOrzxLb91HQGmVB54Sc/0rFlpyioWAsNtw8Q/Brpsa\ndE76KtNiIT7JFir/h3miWrQljocZUz32xPhQPNXB/9b42GYLR6yAhWREq/msY8Th\nWr4J5I+wMfrxd19mTAIi2KQD6OJQem0ENZY7jOAtIKqAanhL5NVN8dKol7cCAwEA\nAQKCAgEAotYV9vJ6VQMpxCb9AddfvM68pWifGd60sGgef1exaGtPV57o+HmslbpZ\ndN0hgBV8QgCb8yBchMW3UKAzOYAMmPQ7QQ2B2eO1DVPVLu0phxNga/lfukH5YcY/\nd6reX/KzT7TyBGNwwXolgJsfVc2rK9+2f/vE0Nh7JpKc0L7m9/4sIl9uTpOlLfh1\nMp/CDe2TzLJl5z4v372M8YuC1tFUP6aLQTGJab0VaViOWF8GKzr1yqPzWmiCSyGT\nJkLugycy5ZrS0UTOOrFdVjW3a71ObxTWBcUxNVOuFXP2kf9Ua5ERLx60nx1LjIEA\nx48IxLdRHfOiLzdWvJIoFoPxhOtggyXIZw4h03Cql0O6RZ6DWMpGrqw5XC/OenPq\nXVqAZfxqjwInyuKBTiKDjNgML2zYsv/a5hsDGqYepvXuUWoVjEGst1GK7q/e8Hch\ncOWBef6Rnno63FZnx7rgwvTNOemmpQs1UBVWtiq8VlJ7fB49aIEl5nbcBUvY12qE\nWnaEJSn9nFDLit26N68blaVHtFjaaWRP7h8os4XqAcYpuyT8vb7FJytvhBIjTxde\nQZxXj83YIz0px1hQsToviKoUHYykoaz9pgyVybvl/fLZUvnv3splYRoeK74HNbu9\nRCBSpDINC6+FVHKqJd7xBNrDlrup0nTsUwcxds7Z4UxNIRpw6XkCggEBANK+xsTH\n/o6NsA8PAhx06gGqUYQSe6XhiqT9hy4THtNZF5LDCMLt24p0xCk04/M5AvmRL4Yi\nlAVfvfIbWg7kuLsc7R53hURekCuw1W5GDlS2kmdWCn7nNmLHzYp61+Sd4RmsB8Y8\nfW8x8zrHiArevs3VN4ohAq1x5+OF7mHAmVspwBqwsRI7Dwmu4WwJtYcej2vCGsLy\n5zpkSp/lEeNC4vXsVOSezk+DgyHQI61rvj+l1okoNINZ6pQAuUY3uEhaDHIkDLIO\nwhkO1GYj4LbTEsC0zN2oZHaZPiEEmdnJEmQEs3bgCEcUou3n00/RpVOTMS7ZKYVh\n2WTNPGhrAP26pF0CggEBAPxwCZFqR04RUemcMfx/tnI25itA/DGjt+gg1f5MKguG\n57Qt+qg/rGNXcnYtf9OnwGCn4M519lLcWvkuaWc6N+2jTKb5sqBrH9Mh4i+s7of+\nozvSzc8v5mJYiLjgqLbeTcm+ug6r6vbz6FAiUCkBf3UbeLvuODN+WO/poWk1x43E\nB/hUrf2L0xQ7Ij8QR5aCzStDaPhNZbQ8NrvCqvHwamXFoLKgSAueyfpQ71y++dfr\nMOKxeKigj7sKMLRJ+ey0ShMC4MNRHh0rnr7pCNyg5gbUxBsL2Ph8eJMYsF05dfuR\nyH9zgjEQEpPq7fQVSdwIE5grVQMMexIBeesctgoiqyMCggEBAJZIw5gqgoYH1kg2\nzKucWA+N9Il5YMGfP+5+eTrLGc1fmCbpfEL9ufRXZld4RyH4Qv3Tog9Gc0YNy3du\nN9+tDWspqpJyaw+hW7A8b0cvICMa+vZD7kInAaqZjyK0jWaTi6Vx/y1Hj6+O8EO3\nbHVL+MbxyKRw++bR9qpSpPcCkJnpAPxHik5U3VlrY4dWuSO9EEuo5Mqmy2vhfzHc\n+c+VsCHtQXCzKq6bOxUOx5Jw5f+fdIjkqeYNZfHbPkQrkffOd1eiC4eibJnP8HlS\nFnpptNLFW96pqdLFXv/OtyQOdlXq4EviYSTHO5TqH8+o0fvyWD1vUWOzroJqtSxF\nOjS2N2UCggEBAOrmdoDSHLgQdeCkb/89+FAftd7aAdNPPXrL01VnGljPmByaDH0z\ngv6OCPzfKeuSVfmbPh3gtu40DpOBFKPyEMkZA+L8x7Nu+5ZEGW2zxeLWmJ66crkx\nIXiyWcdvho9kHY515DxyzZovLSYkR+NgeXJHtflqmvGPyMK27HQyjxbkK2ZxpdYh\nnrFctWlphLQR00lG2Q71NoaY4XWml9u6k8dQN1EAxQnLILfFSHdNXsAFIuBPtK91\neUnbGacqj14sBiHas7wMZ7FNPdL4lj53mpUQt8tTIvtXF/wJJVQafCc0aRXwLl3p\nTuBF5FcU2D3fZhxbdif4HS2MIh8eAGc+C3ECggEAFmz6CYl8D2gBBl/p5IKrYcbC\n54hLb2hhRa4BUclyyxxjI3xFMMYRPwkxpuibvcJlXVUDwt3fWlVOtoynlX/ALBkE\nmxYA7jyRD3E03jd1dGJKY0ULZBKCyBAcywC28rfW+O0eNAkbsQNK98YM9KQhaoRf\nBqSXtqoN8R+PgSj0lywNJ/VBNSucNzZ22WN0RiYQ9U91ihYZ/Y6/viisBotji4+W\nXEihkoFUg7fHXC0YUGlOjCDS2bxeNVV+EXrGH7WZH8FOL9HS68Dj0O7LlMtfEx5s\n9ntdPqkj2dkkjMNQmQLLduH/089J9/FtaslzjK7YFQrEXynh0X6VYO+FxZvhYQ==\n-----END RSA PRIVATE KEY-----\n",
            "private_key_pem_pkcs8": "-----BEGIN PRIVATE KEY-----\nMIIJRAIBADANBgkqhkiG9w0BAQEFAASCCS4wggkqAgEAAoICAQDP0AcBFX9Fqg+K\nRouEaUX3gfvc83mYFuyeVLYc9FVnxLxkRYkApXNtVTx4acF7ntodmxntG6aNjuNx\nKhamm8Zlq5puEJ1oF3wKHTw1eND07r56QO85KaYT1DJ1c2FjV/BCUrYh5WASjx4C\nU4AMB3FQaL0nOqdaXIiRMecfAsuTfW5JxHOLdUDehfIRKdpzXQkefq828PcryAK/\nTPT6xX7C13sJOK28uTjlqd2oQlCFSY9vM4+WdGfZDkOHAw9KLAI8wc2Pqe9HB9yV\nbcFTFyBzMS781J6ZQafmIKcM9K5QRw0qpaI9QawMw73SEPsbvhYM6kfUYMK3ubac\n12qcWObKQHZMpJYm/I0FZxdqt9sGWKYDoUSqF7EuFZmP6ToDcnd3d245cZby+6tw\nJ1aVGDsB9UdvhomkqsjaJQRbjxTB2F5SvOn7zWLKqTvA5iPrRRqcmpjJy3OFnCqK\nZ7Wvux5MFJOvsbJxDObvl4E+v/R5+c+M98z/qjpIh5nrhebeSTCnOr8enE6vPEtv\n3UdAaZUHnhJz/SsWWnKKhYCw23DxD8Gumxp0Tvoq02IhPskWKv+HeaJatCWOhxlT\nPfbE+FA81cH/1vjYZgtHrICFZESr+axjxOFavgnkj7Ax+vF3X2ZMAiLYpAPo4lB6\nbQQ1ljuM4C0gqoBqeEvk1U3x0qiXtwIDAQABAoICAQCi1hX28npVAynEJv0B11+8\nzrylaJ8Z3rSwaB5/V7Foa09Xnuj4eayVull03SGAFXxCAJvzIFyExbdQoDM5gAyY\n9DtBDYHZ47UNU9Uu7SmHE2Br+V+6Qflhxj93qt5f8rNPtPIEY3DBeiWAmx9Vzasr\n37Z/+8TQ2HsmkpzQvub3/iwiX25Ok6Ut+HUyn8IN7ZPMsmXnPi/fvYzxi4LW0VQ/\npotBMYlpvRVpWI5YXwYrOvXKo/NaaIJLIZMmQu6DJzLlmtLRRM46sV1WNbdrvU5v\nFNYFxTE1U64Vc/aR/1RrkREvHrSfHUuMgQDHjwjEt1Ed86IvN1a8kigWg/GE62CD\nJchnDiHTcKqXQ7pFnoNYykaurDlcL856c+pdWoBl/GqPAifK4oFOIoOM2AwvbNiy\n/9rmGwMaph6m9e5RahWMQay3UYrur97wdyFw5YF5/pGeejrcVmfHuuDC9M056aal\nCzVQFVa2KrxWUnt8Hj1ogSXmdtwFS9jXaoRadoQlKf2cUMuK3bo3rxuVpUe0WNpp\nZE/uHyizheoBxim7JPy9vsUnK2+EEiNPF15BnFePzdgjPSnHWFCxOi+IqhQdjKSh\nrP2mDJXJu+X98tlS+e/eymVhGh4rvgc1u71EIFKkMg0Lr4VUcqol3vEE2sOWu6nS\ndOxTBzF2ztnhTE0hGnDpeQKCAQEA0r7GxMf+jo2wDw8CHHTqAapRhBJ7peGKpP2H\nLhMe01kXksMIwu3binTEKTTj8zkC+ZEvhiKUBV+98htaDuS4uxztHneFRF6QK7DV\nbkYOVLaSZ1YKfuc2YsfNinrX5J3hGawHxjx9bzHzOseICt6+zdU3iiECrXHn44Xu\nYcCZWynAGrCxEjsPCa7hbAm1hx6Pa8IawvLnOmRKn+UR40Li9exU5J7OT4ODIdAj\nrWu+P6XWiSg0g1nqlAC5Rje4SFoMciQMsg7CGQ7UZiPgttMSwLTM3ahkdpk+IQSZ\n2ckSZASzduAIRxSi7efTT9GlU5MxLtkphWHZZM08aGsA/bqkXQKCAQEA/HAJkWpH\nThFR6Zwx/H+2cjbmK0D8MaO36CDV/kwqC4bntC36qD+sY1dydi1/06fAYKfgznX2\nUtxa+S5pZzo37aNMpvmyoGsf0yHiL6zuh/6jO9LNzy/mYliIuOCott5Nyb66Dqvq\n9vPoUCJQKQF/dRt4u+44M35Y7+mhaTXHjcQH+FSt/YvTFDsiPxBHloLNK0No+E1l\ntDw2u8Kq8fBqZcWgsqBIC57J+lDvXL751+sw4rF4qKCPuwowtEn57LRKEwLgw1Ee\nHSuevukI3KDmBtTEGwvY+Hx4kxiwXTl1+5HIf3OCMRASk+rt9BVJ3AgTmCtVAwx7\nEgF56xy2CiKrIwKCAQEAlkjDmCqChgfWSDbMq5xYD430iXlgwZ8/7n55OssZzV+Y\nJul8Qv259FdmV3hHIfhC/dOiD0ZzRg3Ld243360NaymqknJrD6FbsDxvRy8gIxr6\n9kPuQicBqpmPIrSNZpOLpXH/LUePr47wQ7dsdUv4xvHIpHD75tH2qlKk9wKQmekA\n/EeKTlTdWWtjh1a5I70QS6jkyqbLa+F/Mdz5z5WwIe1BcLMqrps7FQ7HknDl/590\niOSp5g1l8ds+RCuR9853V6ILh6Jsmc/weVIWemm00sVb3qmp0sVe/863JA52Verg\nS+JhJMc7lOofz6jR+/JYPW9RY7Ougmq1LEU6NLY3ZQKCAQEA6uZ2gNIcuBB14KRv\n/z34UB+13toB0089esvTVWcaWM+YHJoMfTOC/o4I/N8p65JV+Zs+HeC27jQOk4EU\no/IQyRkD4vzHs277lkQZbbPF4taYnrpyuTEheLJZx2+Gj2QdjnXkPHLNmi8tJiRH\n42B5cke1+Wqa8Y/IwrbsdDKPFuQrZnGl1iGesVy1aWmEtBHTSUbZDvU2hpjhdaaX\n27qTx1A3UQDFCcsgt8VId01ewAUi4E+0r3V5SdsZpyqPXiwGIdqzvAxnsU090viW\nPnealRC3y1Mi+1cX/AklVBp8JzRpFfAuXelO4EXkVxTYPd9mHFt2J/gdLYwiHx4A\nZz4LcQKCAQAWbPoJiXwPaAEGX+nkgqthxsLniEtvaGFFrgFRyXLLHGMjfEUwxhE/\nCTGm6Ju9wmVdVQPC3d9aVU62jKeVf8AsGQSbFgDuPJEPcTTeN3V0YkpjRQtkEoLI\nEBzLALbyt9b47R40CRuxA0r3xgz0pCFqhF8GpJe2qg3xH4+BKPSXLA0n9UE1K5w3\nNnbZY3RGJhD1T3WKFhn9jr++KKwGi2OLj5ZcSKGSgVSDt8dcLRhQaU6MINLZvF41\nVX4ResYftZkfwU4v0dLrwOPQ7suUy18THmz2e10+qSPZ2SSMw1CZAst24f/Tz0n3\n8W1qyXOMrtgVCsRfKeHRfpVg74XFm+Fh\n-----END PRIVATE KEY-----\n",
            "public_key_fingerprint_md5": "b3:47:e6:42:fe:26:f6:4b:3a:5a:37:6e:dd:9b:da:54",
            "public_key_fingerprint_sha256": "SHA256:Je0alYzUE7zhCNX8w9T2qbsbxa+uIOOXtLceP3OTVVg",
            "public_key_openssh": "ssh-rsa AAAAB3NzaC1yc2EAAAADAQABAAACAQDP0AcBFX9Fqg+KRouEaUX3gfvc83mYFuyeVLYc9FVnxLxkRYkApXNtVTx4acF7ntodmxntG6aNjuNxKhamm8Zlq5puEJ1oF3wKHTw1eND07r56QO85KaYT1DJ1c2FjV/BCUrYh5WASjx4CU4AMB3FQaL0nOqdaXIiRMecfAsuTfW5JxHOLdUDehfIRKdpzXQkefq828PcryAK/TPT6xX7C13sJOK28uTjlqd2oQlCFSY9vM4+WdGfZDkOHAw9KLAI8wc2Pqe9HB9yVbcFTFyBzMS781J6ZQafmIKcM9K5QRw0qpaI9QawMw73SEPsbvhYM6kfUYMK3ubac12qcWObKQHZMpJYm/I0FZxdqt9sGWKYDoUSqF7EuFZmP6ToDcnd3d245cZby+6twJ1aVGDsB9UdvhomkqsjaJQRbjxTB2F5SvOn7zWLKqTvA5iPrRRqcmpjJy3OFnCqKZ7Wvux5MFJOvsbJxDObvl4E+v/R5+c+M98z/qjpIh5nrhebeSTCnOr8enE6vPEtv3UdAaZUHnhJz/SsWWnKKhYCw23DxD8Gumxp0Tvoq02IhPskWKv+HeaJatCWOhxlTPfbE+FA81cH/1vjYZgtHrICFZESr+axjxOFavgnkj7Ax+vF3X2ZMAiLYpAPo4lB6bQQ1ljuM4C0gqoBqeEvk1U3x0qiXtw==\n",
            "public_key_pem": "-----BEGIN PUBLIC KEY-----\nMIICIjANBgkqhkiG9w0BAQEFAAOCAg8AMIICCgKCAgEAz9AHARV/RaoPikaLhGlF\n94H73PN5mBbsnlS2HPRVZ8S8ZEWJAKVzbVU8eGnBe57aHZsZ7RumjY7jcSoWppvG\nZauabhCdaBd8Ch08NXjQ9O6+ekDvOSmmE9QydXNhY1fwQlK2IeVgEo8eAlOADAdx\nUGi9JzqnWlyIkTHnHwLLk31uScRzi3VA3oXyESnac10JHn6vNvD3K8gCv0z0+sV+\nwtd7CTitvLk45andqEJQhUmPbzOPlnRn2Q5DhwMPSiwCPMHNj6nvRwfclW3BUxcg\nczEu/NSemUGn5iCnDPSuUEcNKqWiPUGsDMO90hD7G74WDOpH1GDCt7m2nNdqnFjm\nykB2TKSWJvyNBWcXarfbBlimA6FEqhexLhWZj+k6A3J3d3duOXGW8vurcCdWlRg7\nAfVHb4aJpKrI2iUEW48UwdheUrzp+81iyqk7wOYj60UanJqYyctzhZwqime1r7se\nTBSTr7GycQzm75eBPr/0efnPjPfM/6o6SIeZ64Xm3kkwpzq/HpxOrzxLb91HQGmV\nB54Sc/0rFlpyioWAsNtw8Q/BrpsadE76KtNiIT7JFir/h3miWrQljocZUz32xPhQ\nPNXB/9b42GYLR6yAhWREq/msY8ThWr4J5I+wMfrxd19mTAIi2KQD6OJQem0ENZY7\njOAtIKqAanhL5NVN8dKol7cCAwEAAQ==\n-----END PUBLIC KEY-----\n",
            "rsa_bits": 4096
          },
          "sensitive_attributes": []
        }
      ]
    },
    {
      "module": "module.ec2",
      "mode": "managed",
      "type": "aws_instance",
      "name": "ansible",
      "provider": "provider[\"registry.terraform.io/hashicorp/aws\"]",
      "instances": [
        {
          "schema_version": 1,
          "attributes": {
            "ami": "ami-0fc5d935ebf8bc3bc",
            "arn": "arn:aws:ec2:us-east-1:304480047449:instance/i-0868e911d5847d059",
            "associate_public_ip_address": true,
            "availability_zone": "us-east-1a",
            "capacity_reservation_specification": [
              {
                "capacity_reservation_preference": "open",
                "capacity_reservation_target": []
              }
            ],
            "cpu_core_count": 1,
            "cpu_options": [
              {
                "amd_sev_snp": "",
                "core_count": 1,
                "threads_per_core": 1
              }
            ],
            "cpu_threads_per_core": 1,
            "credit_specification": [
              {
                "cpu_credits": "standard"
              }
            ],
            "disable_api_stop": false,
            "disable_api_termination": false,
            "ebs_block_device": [],
            "ebs_optimized": false,
            "enclave_options": [
              {
                "enabled": false
              }
            ],
            "ephemeral_block_device": [],
            "get_password_data": false,
            "hibernation": false,
            "host_id": "",
            "host_resource_group_arn": null,
            "iam_instance_profile": "",
            "id": "i-0868e911d5847d059",
            "instance_initiated_shutdown_behavior": "stop",
            "instance_lifecycle": "",
            "instance_market_options": [],
            "instance_state": "running",
            "instance_type": "t2.micro",
            "ipv6_address_count": 0,
            "ipv6_addresses": [],
            "key_name": "Devops",
            "launch_template": [],
            "maintenance_options": [
              {
                "auto_recovery": "default"
              }
            ],
            "metadata_options": [
              {
                "http_endpoint": "enabled",
                "http_protocol_ipv6": "disabled",
                "http_put_response_hop_limit": 1,
                "http_tokens": "optional",
                "instance_metadata_tags": "disabled"
              }
            ],
            "monitoring": false,
            "network_interface": [],
            "outpost_arn": "",
            "password_data": "",
            "placement_group": "",
            "placement_partition_number": 0,
            "primary_network_interface_id": "eni-03c491db6c23c8ece",
            "private_dns": "ip-10-0-0-34.ec2.internal",
            "private_dns_name_options": [
              {
                "enable_resource_name_dns_a_record": false,
                "enable_resource_name_dns_aaaa_record": false,
                "hostname_type": "ip-name"
              }
            ],
            "private_ip": "10.0.0.34",
            "public_dns": "ec2-54-221-129-90.compute-1.amazonaws.com",
            "public_ip": "54.221.129.90",
            "root_block_device": [
              {
                "delete_on_termination": true,
                "device_name": "/dev/sda1",
                "encrypted": false,
                "iops": 100,
                "kms_key_id": "",
                "tags": {},
                "throughput": 0,
                "volume_id": "vol-046239d750e08d36a",
                "volume_size": 8,
                "volume_type": "gp2"
              }
            ],
            "secondary_private_ips": [],
            "security_groups": [],
            "source_dest_check": true,
            "spot_instance_request_id": "",
            "subnet_id": "subnet-02d361b41f615115e",
            "tags": {
              "Name": "Ansible",
              "Project": "Devops"
            },
            "tags_all": {
              "Name": "Ansible",
              "Project": "Devops"
            },
            "tenancy": "default",
            "timeouts": null,
            "user_data": "ae7c2ac106c28729086df2bb104299f25bcc3ece",
            "user_data_base64": null,
            "user_data_replace_on_change": false,
            "volume_tags": null,
            "vpc_security_group_ids": [
              "sg-09a9a32cd5c2f41dc"
            ]
          },
          "sensitive_attributes": [],
          "private": "eyJlMmJmYjczMC1lY2FhLTExZTYtOGY4OC0zNDM2M2JjN2M0YzAiOnsiY3JlYXRlIjo2MDAwMDAwMDAwMDAsImRlbGV0ZSI6MTIwMDAwMDAwMDAwMCwidXBkYXRlIjo2MDAwMDAwMDAwMDB9LCJzY2hlbWFfdmVyc2lvbiI6IjEifQ==",
          "dependencies": [
            "aws_key_pair.TF_key",
            "module.vpc.aws_security_group.bastion",
            "module.vpc.aws_security_group.dbserver",
            "module.vpc.aws_security_group.webserver",
            "module.vpc.aws_subnet.pub1",
            "module.vpc.aws_vpc.vpc",
            "module.vpc.data.aws_availability_zones.available",
            "random_id.id",
            "tls_private_key.rsa"
          ]
        }
      ]
    },
    {
      "module": "module.ec2",
      "mode": "managed",
      "type": "aws_instance",
      "name": "jenkins",
      "provider": "provider[\"registry.terraform.io/hashicorp/aws\"]",
      "instances": [
        {
          "schema_version": 1,
          "attributes": {
            "ami": "ami-0fc5d935ebf8bc3bc",
            "arn": "arn:aws:ec2:us-east-1:304480047449:instance/i-08d3a86a309f900fe",
            "associate_public_ip_address": true,
            "availability_zone": "us-east-1a",
            "capacity_reservation_specification": [
              {
                "capacity_reservation_preference": "open",
                "capacity_reservation_target": []
              }
            ],
            "cpu_core_count": 1,
            "cpu_options": [
              {
                "amd_sev_snp": "",
                "core_count": 1,
                "threads_per_core": 1
              }
            ],
            "cpu_threads_per_core": 1,
            "credit_specification": [
              {
                "cpu_credits": "standard"
              }
            ],
            "disable_api_stop": false,
            "disable_api_termination": false,
            "ebs_block_device": [],
            "ebs_optimized": false,
            "enclave_options": [
              {
                "enabled": false
              }
            ],
            "ephemeral_block_device": [],
            "get_password_data": false,
            "hibernation": false,
            "host_id": "",
            "host_resource_group_arn": null,
            "iam_instance_profile": "",
            "id": "i-08d3a86a309f900fe",
            "instance_initiated_shutdown_behavior": "stop",
            "instance_lifecycle": "",
            "instance_market_options": [],
            "instance_state": "running",
            "instance_type": "t2.micro",
            "ipv6_address_count": 0,
            "ipv6_addresses": [],
            "key_name": "Devops",
            "launch_template": [],
            "maintenance_options": [
              {
                "auto_recovery": "default"
              }
            ],
            "metadata_options": [
              {
                "http_endpoint": "enabled",
                "http_protocol_ipv6": "disabled",
                "http_put_response_hop_limit": 1,
                "http_tokens": "optional",
                "instance_metadata_tags": "disabled"
              }
            ],
            "monitoring": false,
            "network_interface": [],
            "outpost_arn": "",
            "password_data": "",
            "placement_group": "",
            "placement_partition_number": 0,
            "primary_network_interface_id": "eni-0ac2db8c7c86a7e30",
            "private_dns": "ip-10-0-0-206.ec2.internal",
            "private_dns_name_options": [
              {
                "enable_resource_name_dns_a_record": false,
                "enable_resource_name_dns_aaaa_record": false,
                "hostname_type": "ip-name"
              }
            ],
            "private_ip": "10.0.0.206",
            "public_dns": "ec2-3-91-32-131.compute-1.amazonaws.com",
            "public_ip": "3.91.32.131",
            "root_block_device": [
              {
                "delete_on_termination": true,
                "device_name": "/dev/sda1",
                "encrypted": false,
                "iops": 100,
                "kms_key_id": "",
                "tags": {},
                "throughput": 0,
                "volume_id": "vol-0dba891c68cae0abd",
                "volume_size": 8,
                "volume_type": "gp2"
              }
            ],
            "secondary_private_ips": [],
            "security_groups": [],
            "source_dest_check": true,
            "spot_instance_request_id": "",
            "subnet_id": "subnet-02d361b41f615115e",
            "tags": {
              "Name": "Jenkins",
              "Project": "Devops"
            },
            "tags_all": {
              "Name": "Jenkins",
              "Project": "Devops"
            },
            "tenancy": "default",
            "timeouts": null,
            "user_data": "ae7c2ac106c28729086df2bb104299f25bcc3ece",
            "user_data_base64": null,
            "user_data_replace_on_change": false,
            "volume_tags": null,
            "vpc_security_group_ids": [
              "sg-0cad10c08059dc371"
            ]
          },
          "sensitive_attributes": [],
          "private": "eyJlMmJmYjczMC1lY2FhLTExZTYtOGY4OC0zNDM2M2JjN2M0YzAiOnsiY3JlYXRlIjo2MDAwMDAwMDAwMDAsImRlbGV0ZSI6MTIwMDAwMDAwMDAwMCwidXBkYXRlIjo2MDAwMDAwMDAwMDB9LCJzY2hlbWFfdmVyc2lvbiI6IjEifQ==",
          "dependencies": [
            "aws_key_pair.TF_key",
            "module.vpc.aws_security_group.bastion",
            "module.vpc.aws_security_group.dbserver",
            "module.vpc.aws_security_group.webserver",
            "module.vpc.aws_subnet.pub1",
            "module.vpc.aws_vpc.vpc",
            "module.vpc.data.aws_availability_zones.available",
            "random_id.id",
            "tls_private_key.rsa"
          ]
        }
      ]
    },
    {
      "module": "module.ec2",
      "mode": "managed",
      "type": "aws_instance",
      "name": "master",
      "provider": "provider[\"registry.terraform.io/hashicorp/aws\"]",
      "instances": [
        {
          "schema_version": 1,
          "attributes": {
            "ami": "ami-0fc5d935ebf8bc3bc",
            "arn": "arn:aws:ec2:us-east-1:304480047449:instance/i-0080b5278aa8db530",
            "associate_public_ip_address": true,
            "availability_zone": "us-east-1a",
            "capacity_reservation_specification": [
              {
                "capacity_reservation_preference": "open",
                "capacity_reservation_target": []
              }
            ],
            "cpu_core_count": 1,
            "cpu_options": [
              {
                "amd_sev_snp": "",
                "core_count": 1,
                "threads_per_core": 1
              }
            ],
            "cpu_threads_per_core": 1,
            "credit_specification": [
              {
                "cpu_credits": "standard"
              }
            ],
            "disable_api_stop": false,
            "disable_api_termination": false,
            "ebs_block_device": [],
            "ebs_optimized": false,
            "enclave_options": [
              {
                "enabled": false
              }
            ],
            "ephemeral_block_device": [],
            "get_password_data": false,
            "hibernation": false,
            "host_id": "",
            "host_resource_group_arn": null,
            "iam_instance_profile": "",
            "id": "i-0080b5278aa8db530",
            "instance_initiated_shutdown_behavior": "stop",
            "instance_lifecycle": "",
            "instance_market_options": [],
            "instance_state": "running",
            "instance_type": "t2.micro",
            "ipv6_address_count": 0,
            "ipv6_addresses": [],
            "key_name": "Devops",
            "launch_template": [],
            "maintenance_options": [
              {
                "auto_recovery": "default"
              }
            ],
            "metadata_options": [
              {
                "http_endpoint": "enabled",
                "http_protocol_ipv6": "disabled",
                "http_put_response_hop_limit": 1,
                "http_tokens": "optional",
                "instance_metadata_tags": "disabled"
              }
            ],
            "monitoring": false,
            "network_interface": [],
            "outpost_arn": "",
            "password_data": "",
            "placement_group": "",
            "placement_partition_number": 0,
            "primary_network_interface_id": "eni-0060fde0cfa299ae1",
            "private_dns": "ip-10-0-0-55.ec2.internal",
            "private_dns_name_options": [
              {
                "enable_resource_name_dns_a_record": false,
                "enable_resource_name_dns_aaaa_record": false,
                "hostname_type": "ip-name"
              }
            ],
            "private_ip": "10.0.0.55",
            "public_dns": "ec2-54-227-126-11.compute-1.amazonaws.com",
            "public_ip": "54.227.126.11",
            "root_block_device": [
              {
                "delete_on_termination": true,
                "device_name": "/dev/sda1",
                "encrypted": false,
                "iops": 100,
                "kms_key_id": "",
                "tags": {},
                "throughput": 0,
                "volume_id": "vol-0b17ef574399180a7",
                "volume_size": 8,
                "volume_type": "gp2"
              }
            ],
            "secondary_private_ips": [],
            "security_groups": [],
            "source_dest_check": true,
            "spot_instance_request_id": "",
            "subnet_id": "subnet-02d361b41f615115e",
            "tags": {
              "Name": "Master",
              "Project": "Devops"
            },
            "tags_all": {
              "Name": "Master",
              "Project": "Devops"
            },
            "tenancy": "default",
            "timeouts": null,
            "user_data": "ae7c2ac106c28729086df2bb104299f25bcc3ece",
            "user_data_base64": null,
            "user_data_replace_on_change": false,
            "volume_tags": null,
            "vpc_security_group_ids": [
              "sg-032fd45059865a847"
            ]
          },
          "sensitive_attributes": [],
          "private": "eyJlMmJmYjczMC1lY2FhLTExZTYtOGY4OC0zNDM2M2JjN2M0YzAiOnsiY3JlYXRlIjo2MDAwMDAwMDAwMDAsImRlbGV0ZSI6MTIwMDAwMDAwMDAwMCwidXBkYXRlIjo2MDAwMDAwMDAwMDB9LCJzY2hlbWFfdmVyc2lvbiI6IjEifQ==",
          "dependencies": [
            "aws_key_pair.TF_key",
            "module.vpc.aws_security_group.bastion",
            "module.vpc.aws_security_group.dbserver",
            "module.vpc.aws_security_group.webserver",
            "module.vpc.aws_subnet.pub1",
            "module.vpc.aws_vpc.vpc",
            "module.vpc.data.aws_availability_zones.available",
            "random_id.id",
            "tls_private_key.rsa"
          ]
        }
      ]
    },
    {
      "module": "module.ec2",
      "mode": "managed",
      "type": "aws_instance",
      "name": "worker",
      "provider": "provider[\"registry.terraform.io/hashicorp/aws\"]",
      "instances": [
        {
          "schema_version": 1,
          "attributes": {
            "ami": "ami-0fc5d935ebf8bc3bc",
            "arn": "arn:aws:ec2:us-east-1:304480047449:instance/i-0e1ffda0deaee44df",
            "associate_public_ip_address": true,
            "availability_zone": "us-east-1a",
            "capacity_reservation_specification": [
              {
                "capacity_reservation_preference": "open",
                "capacity_reservation_target": []
              }
            ],
            "cpu_core_count": 1,
            "cpu_options": [
              {
                "amd_sev_snp": "",
                "core_count": 1,
                "threads_per_core": 1
              }
            ],
            "cpu_threads_per_core": 1,
            "credit_specification": [
              {
                "cpu_credits": "standard"
              }
            ],
            "disable_api_stop": false,
            "disable_api_termination": false,
            "ebs_block_device": [],
            "ebs_optimized": false,
            "enclave_options": [
              {
                "enabled": false
              }
            ],
            "ephemeral_block_device": [],
            "get_password_data": false,
            "hibernation": false,
            "host_id": "",
            "host_resource_group_arn": null,
            "iam_instance_profile": "",
            "id": "i-0e1ffda0deaee44df",
            "instance_initiated_shutdown_behavior": "stop",
            "instance_lifecycle": "",
            "instance_market_options": [],
            "instance_state": "running",
            "instance_type": "t2.micro",
            "ipv6_address_count": 0,
            "ipv6_addresses": [],
            "key_name": "Devops",
            "launch_template": [],
            "maintenance_options": [
              {
                "auto_recovery": "default"
              }
            ],
            "metadata_options": [
              {
                "http_endpoint": "enabled",
                "http_protocol_ipv6": "disabled",
                "http_put_response_hop_limit": 1,
                "http_tokens": "optional",
                "instance_metadata_tags": "disabled"
              }
            ],
            "monitoring": false,
            "network_interface": [],
            "outpost_arn": "",
            "password_data": "",
            "placement_group": "",
            "placement_partition_number": 0,
            "primary_network_interface_id": "eni-0cca4ffc9883b90fa",
            "private_dns": "ip-10-0-0-93.ec2.internal",
            "private_dns_name_options": [
              {
                "enable_resource_name_dns_a_record": false,
                "enable_resource_name_dns_aaaa_record": false,
                "hostname_type": "ip-name"
              }
            ],
            "private_ip": "10.0.0.93",
            "public_dns": "ec2-3-82-52-214.compute-1.amazonaws.com",
            "public_ip": "3.82.52.214",
            "root_block_device": [
              {
                "delete_on_termination": true,
                "device_name": "/dev/sda1",
                "encrypted": false,
                "iops": 100,
                "kms_key_id": "",
                "tags": {},
                "throughput": 0,
                "volume_id": "vol-088a43331f966cae8",
                "volume_size": 8,
                "volume_type": "gp2"
              }
            ],
            "secondary_private_ips": [],
            "security_groups": [],
            "source_dest_check": true,
            "spot_instance_request_id": "",
            "subnet_id": "subnet-02d361b41f615115e",
            "tags": {
              "Name": "Worker",
              "Project": "Devops"
            },
            "tags_all": {
              "Name": "Worker",
              "Project": "Devops"
            },
            "tenancy": "default",
            "timeouts": null,
            "user_data": "ae7c2ac106c28729086df2bb104299f25bcc3ece",
            "user_data_base64": null,
            "user_data_replace_on_change": false,
            "volume_tags": null,
            "vpc_security_group_ids": [
              "sg-032fd45059865a847"
            ]
          },
          "sensitive_attributes": [],
          "private": "eyJlMmJmYjczMC1lY2FhLTExZTYtOGY4OC0zNDM2M2JjN2M0YzAiOnsiY3JlYXRlIjo2MDAwMDAwMDAwMDAsImRlbGV0ZSI6MTIwMDAwMDAwMDAwMCwidXBkYXRlIjo2MDAwMDAwMDAwMDB9LCJzY2hlbWFfdmVyc2lvbiI6IjEifQ==",
          "dependencies": [
            "aws_key_pair.TF_key",
            "module.vpc.aws_security_group.bastion",
            "module.vpc.aws_security_group.dbserver",
            "module.vpc.aws_security_group.webserver",
            "module.vpc.aws_subnet.pub1",
            "module.vpc.aws_vpc.vpc",
            "module.vpc.data.aws_availability_zones.available",
            "random_id.id",
            "tls_private_key.rsa"
          ]
        }
      ]
    },
    {
      "module": "module.ec2",
      "mode": "managed",
      "type": "null_resource",
      "name": "result",
      "provider": "provider[\"registry.terraform.io/hashicorp/null\"]",
      "instances": [
        {
          "schema_version": 0,
          "attributes": {
            "id": "8547696157199633366",
            "triggers": {
              "always-update": "2023-11-17T16:31:04Z"
            }
          },
          "sensitive_attributes": [],
          "dependencies": [
            "aws_key_pair.TF_key",
            "module.ec2.aws_instance.ansible",
            "module.ec2.aws_instance.jenkins",
            "module.ec2.aws_instance.master",
            "module.ec2.aws_instance.worker",
            "module.ec2.time_sleep.wait_300_seconds_all",
            "module.vpc.aws_security_group.bastion",
            "module.vpc.aws_security_group.dbserver",
            "module.vpc.aws_security_group.webserver",
            "module.vpc.aws_subnet.pub1",
            "module.vpc.aws_vpc.vpc",
            "module.vpc.data.aws_availability_zones.available",
            "random_id.id",
            "tls_private_key.rsa"
          ]
        }
      ]
    },
    {
      "module": "module.ec2",
      "mode": "managed",
      "type": "null_resource",
      "name": "sync_master",
      "provider": "provider[\"registry.terraform.io/hashicorp/null\"]",
      "instances": [
        {
          "schema_version": 0,
          "attributes": {
            "id": "5715757765249555406",
            "triggers": {
              "always-update": "2023-11-17T16:31:05Z"
            }
          },
          "sensitive_attributes": [],
          "dependencies": [
            "aws_key_pair.TF_key",
            "module.ec2.aws_instance.master",
            "module.ec2.time_sleep.wait_90_seconds_master",
            "module.vpc.aws_security_group.bastion",
            "module.vpc.aws_security_group.dbserver",
            "module.vpc.aws_security_group.webserver",
            "module.vpc.aws_subnet.pub1",
            "module.vpc.aws_vpc.vpc",
            "module.vpc.data.aws_availability_zones.available",
            "random_id.id",
            "tls_private_key.rsa"
          ]
        }
      ]
    },
    {
      "module": "module.ec2",
      "mode": "managed",
      "type": "null_resource",
      "name": "sync_worker",
      "provider": "provider[\"registry.terraform.io/hashicorp/null\"]",
      "instances": [
        {
          "schema_version": 0,
          "attributes": {
            "id": "1848920485682629925",
            "triggers": {
              "always-update": "2023-11-17T16:31:05Z"
            }
          },
          "sensitive_attributes": [],
          "dependencies": [
            "aws_key_pair.TF_key",
            "module.ec2.aws_instance.worker",
            "module.ec2.time_sleep.wait_90_seconds_worker",
            "module.vpc.aws_security_group.bastion",
            "module.vpc.aws_security_group.dbserver",
            "module.vpc.aws_security_group.webserver",
            "module.vpc.aws_subnet.pub1",
            "module.vpc.aws_vpc.vpc",
            "module.vpc.data.aws_availability_zones.available",
            "random_id.id",
            "tls_private_key.rsa"
          ]
        }
      ]
    },
    {
      "module": "module.ec2",
      "mode": "managed",
      "type": "time_sleep",
      "name": "wait_300_seconds_all",
      "provider": "provider[\"registry.terraform.io/hashicorp/time\"]",
      "instances": [
        {
          "schema_version": 0,
          "attributes": {
            "create_duration": "300s",
            "destroy_duration": null,
            "id": "2023-11-17T16:27:51Z",
            "triggers": null
          },
          "sensitive_attributes": [],
          "dependencies": [
            "aws_key_pair.TF_key",
            "module.ec2.aws_instance.ansible",
            "module.ec2.aws_instance.jenkins",
            "module.ec2.aws_instance.master",
            "module.ec2.aws_instance.worker",
            "module.vpc.aws_security_group.bastion",
            "module.vpc.aws_security_group.dbserver",
            "module.vpc.aws_security_group.webserver",
            "module.vpc.aws_subnet.pub1",
            "module.vpc.aws_vpc.vpc",
            "module.vpc.data.aws_availability_zones.available",
            "random_id.id",
            "tls_private_key.rsa"
          ]
        }
      ]
    },
    {
      "module": "module.ec2",
      "mode": "managed",
      "type": "time_sleep",
      "name": "wait_90_seconds_master",
      "provider": "provider[\"registry.terraform.io/hashicorp/time\"]",
      "instances": [
        {
          "schema_version": 0,
          "attributes": {
            "create_duration": "90s",
            "destroy_duration": null,
            "id": "2023-11-17T16:23:37Z",
            "triggers": null
          },
          "sensitive_attributes": [],
          "dependencies": [
            "aws_key_pair.TF_key",
            "module.ec2.aws_instance.master",
            "module.vpc.aws_security_group.bastion",
            "module.vpc.aws_security_group.dbserver",
            "module.vpc.aws_security_group.webserver",
            "module.vpc.aws_subnet.pub1",
            "module.vpc.aws_vpc.vpc",
            "module.vpc.data.aws_availability_zones.available",
            "random_id.id",
            "tls_private_key.rsa"
          ]
        }
      ]
    },
    {
      "module": "module.ec2",
      "mode": "managed",
      "type": "time_sleep",
      "name": "wait_90_seconds_worker",
      "provider": "provider[\"registry.terraform.io/hashicorp/time\"]",
      "instances": [
        {
          "schema_version": 0,
          "attributes": {
            "create_duration": "90s",
            "destroy_duration": null,
            "id": "2023-11-17T16:23:38Z",
            "triggers": null
          },
          "sensitive_attributes": [],
          "dependencies": [
            "aws_key_pair.TF_key",
            "module.ec2.aws_instance.worker",
            "module.vpc.aws_security_group.bastion",
            "module.vpc.aws_security_group.dbserver",
            "module.vpc.aws_security_group.webserver",
            "module.vpc.aws_subnet.pub1",
            "module.vpc.aws_vpc.vpc",
            "module.vpc.data.aws_availability_zones.available",
            "random_id.id",
            "tls_private_key.rsa"
          ]
        }
      ]
    },
    {
      "module": "module.vpc",
      "mode": "data",
      "type": "aws_availability_zones",
      "name": "available",
      "provider": "provider[\"registry.terraform.io/hashicorp/aws\"]",
      "instances": [
        {
          "schema_version": 0,
          "attributes": {
            "all_availability_zones": null,
            "exclude_names": null,
            "exclude_zone_ids": null,
            "filter": null,
            "group_names": [
              "us-east-1"
            ],
            "id": "us-east-1",
            "names": [
              "us-east-1a",
              "us-east-1b",
              "us-east-1c",
              "us-east-1d",
              "us-east-1e",
              "us-east-1f"
            ],
            "state": "available",
            "timeouts": null,
            "zone_ids": [
              "use1-az4",
              "use1-az6",
              "use1-az1",
              "use1-az2",
              "use1-az3",
              "use1-az5"
            ]
          },
          "sensitive_attributes": []
        }
      ]
    },
    {
      "module": "module.vpc",
      "mode": "managed",
      "type": "aws_internet_gateway",
      "name": "igw",
      "provider": "provider[\"registry.terraform.io/hashicorp/aws\"]",
      "instances": [
        {
          "schema_version": 0,
          "attributes": {
            "arn": "arn:aws:ec2:us-east-1:304480047449:internet-gateway/igw-014ffcf47b22eccb2",
            "id": "igw-014ffcf47b22eccb2",
            "owner_id": "304480047449",
            "tags": {
              "Name": "trourest-igw",
              "Project": "Devops"
            },
            "tags_all": {
              "Name": "trourest-igw",
              "Project": "Devops"
            },
            "timeouts": null,
            "vpc_id": "vpc-040c2239e852c4d78"
          },
          "sensitive_attributes": [],
          "private": "eyJlMmJmYjczMC1lY2FhLTExZTYtOGY4OC0zNDM2M2JjN2M0YzAiOnsiY3JlYXRlIjoxMjAwMDAwMDAwMDAwLCJkZWxldGUiOjEyMDAwMDAwMDAwMDAsInVwZGF0ZSI6MTIwMDAwMDAwMDAwMH19",
          "dependencies": [
            "module.vpc.aws_vpc.vpc"
          ]
        }
      ]
    },
    {
      "module": "module.vpc",
      "mode": "managed",
      "type": "aws_route_table",
      "name": "public",
      "provider": "provider[\"registry.terraform.io/hashicorp/aws\"]",
      "instances": [
        {
          "schema_version": 0,
          "attributes": {
            "arn": "arn:aws:ec2:us-east-1:304480047449:route-table/rtb-01e6327eec27a4e44",
            "id": "rtb-01e6327eec27a4e44",
            "owner_id": "304480047449",
            "propagating_vgws": [],
            "route": [
              {
                "carrier_gateway_id": "",
                "cidr_block": "0.0.0.0/0",
                "core_network_arn": "",
                "destination_prefix_list_id": "",
                "egress_only_gateway_id": "",
                "gateway_id": "igw-014ffcf47b22eccb2",
                "ipv6_cidr_block": "",
                "local_gateway_id": "",
                "nat_gateway_id": "",
                "network_interface_id": "",
                "transit_gateway_id": "",
                "vpc_endpoint_id": "",
                "vpc_peering_connection_id": ""
              }
            ],
            "tags": {
              "Name": "trourest-public-rtb",
              "Project": "Devops"
            },
            "tags_all": {
              "Name": "trourest-public-rtb",
              "Project": "Devops"
            },
            "timeouts": null,
            "vpc_id": "vpc-040c2239e852c4d78"
          },
          "sensitive_attributes": [],
          "private": "eyJlMmJmYjczMC1lY2FhLTExZTYtOGY4OC0zNDM2M2JjN2M0YzAiOnsiY3JlYXRlIjozMDAwMDAwMDAwMDAsImRlbGV0ZSI6MzAwMDAwMDAwMDAwLCJ1cGRhdGUiOjEyMDAwMDAwMDAwMH19",
          "dependencies": [
            "module.vpc.aws_internet_gateway.igw",
            "module.vpc.aws_vpc.vpc"
          ]
        }
      ]
    },
    {
      "module": "module.vpc",
      "mode": "managed",
      "type": "aws_route_table_association",
      "name": "pub1",
      "provider": "provider[\"registry.terraform.io/hashicorp/aws\"]",
      "instances": [
        {
          "schema_version": 0,
          "attributes": {
            "gateway_id": "",
            "id": "rtbassoc-093b7d2566fc75780",
            "route_table_id": "rtb-01e6327eec27a4e44",
            "subnet_id": "subnet-02d361b41f615115e",
            "timeouts": null
          },
          "sensitive_attributes": [],
          "private": "eyJlMmJmYjczMC1lY2FhLTExZTYtOGY4OC0zNDM2M2JjN2M0YzAiOnsiY3JlYXRlIjozMDAwMDAwMDAwMDAsImRlbGV0ZSI6MzAwMDAwMDAwMDAwLCJ1cGRhdGUiOjEyMDAwMDAwMDAwMH19",
          "dependencies": [
            "module.vpc.aws_internet_gateway.igw",
            "module.vpc.aws_route_table.public",
            "module.vpc.aws_subnet.pub1",
            "module.vpc.aws_vpc.vpc",
            "module.vpc.data.aws_availability_zones.available"
          ]
        }
      ]
    },
    {
      "module": "module.vpc",
      "mode": "managed",
      "type": "aws_route_table_association",
      "name": "pub2",
      "provider": "provider[\"registry.terraform.io/hashicorp/aws\"]",
      "instances": [
        {
          "schema_version": 0,
          "attributes": {
            "gateway_id": "",
            "id": "rtbassoc-016b51453c12c246e",
            "route_table_id": "rtb-01e6327eec27a4e44",
            "subnet_id": "subnet-00a8f52faf0cdaf78",
            "timeouts": null
          },
          "sensitive_attributes": [],
          "private": "eyJlMmJmYjczMC1lY2FhLTExZTYtOGY4OC0zNDM2M2JjN2M0YzAiOnsiY3JlYXRlIjozMDAwMDAwMDAwMDAsImRlbGV0ZSI6MzAwMDAwMDAwMDAwLCJ1cGRhdGUiOjEyMDAwMDAwMDAwMH19",
          "dependencies": [
            "module.vpc.aws_internet_gateway.igw",
            "module.vpc.aws_route_table.public",
            "module.vpc.aws_subnet.pub2",
            "module.vpc.aws_vpc.vpc",
            "module.vpc.data.aws_availability_zones.available"
          ]
        }
      ]
    },
    {
      "module": "module.vpc",
      "mode": "managed",
      "type": "aws_route_table_association",
      "name": "pub3",
      "provider": "provider[\"registry.terraform.io/hashicorp/aws\"]",
      "instances": [
        {
          "schema_version": 0,
          "attributes": {
            "gateway_id": "",
            "id": "rtbassoc-0bbf155e86312efb8",
            "route_table_id": "rtb-01e6327eec27a4e44",
            "subnet_id": "subnet-0af5d3e6762cf87c8",
            "timeouts": null
          },
          "sensitive_attributes": [],
          "private": "eyJlMmJmYjczMC1lY2FhLTExZTYtOGY4OC0zNDM2M2JjN2M0YzAiOnsiY3JlYXRlIjozMDAwMDAwMDAwMDAsImRlbGV0ZSI6MzAwMDAwMDAwMDAwLCJ1cGRhdGUiOjEyMDAwMDAwMDAwMH19",
          "dependencies": [
            "module.vpc.aws_internet_gateway.igw",
            "module.vpc.aws_route_table.public",
            "module.vpc.aws_subnet.pub3",
            "module.vpc.aws_vpc.vpc",
            "module.vpc.data.aws_availability_zones.available"
          ]
        }
      ]
    },
    {
      "module": "module.vpc",
      "mode": "managed",
      "type": "aws_security_group",
      "name": "bastion",
      "provider": "provider[\"registry.terraform.io/hashicorp/aws\"]",
      "instances": [
        {
          "schema_version": 1,
          "attributes": {
            "arn": "arn:aws:ec2:us-east-1:304480047449:security-group/sg-032fd45059865a847",
            "description": "Allows access to port 22",
            "egress": [
              {
                "cidr_blocks": [
                  "0.0.0.0/0"
                ],
                "description": "",
                "from_port": 0,
                "ipv6_cidr_blocks": [
                  "::/0"
                ],
                "prefix_list_ids": [],
                "protocol": "-1",
                "security_groups": [],
                "self": false,
                "to_port": 0
              }
            ],
            "id": "sg-032fd45059865a847",
            "ingress": [
              {
                "cidr_blocks": [
                  "0.0.0.0/0"
                ],
                "description": "",
                "from_port": 22,
                "ipv6_cidr_blocks": [
                  "::/0"
                ],
                "prefix_list_ids": [],
                "protocol": "tcp",
                "security_groups": [],
                "self": false,
                "to_port": 22
              }
            ],
            "name": "Devops-bastion",
            "name_prefix": "",
            "owner_id": "304480047449",
            "revoke_rules_on_delete": false,
            "tags": {
              "Name": "trourest-bastion"
            },
            "tags_all": {
              "Name": "trourest-bastion"
            },
            "timeouts": null,
            "vpc_id": "vpc-040c2239e852c4d78"
          },
          "sensitive_attributes": [],
          "private": "eyJlMmJmYjczMC1lY2FhLTExZTYtOGY4OC0zNDM2M2JjN2M0YzAiOnsiY3JlYXRlIjo2MDAwMDAwMDAwMDAsImRlbGV0ZSI6OTAwMDAwMDAwMDAwfSwic2NoZW1hX3ZlcnNpb24iOiIxIn0=",
          "dependencies": [
            "module.vpc.aws_vpc.vpc"
          ]
        }
      ]
    },
    {
      "module": "module.vpc",
      "mode": "managed",
      "type": "aws_security_group",
      "name": "dbserver",
      "provider": "provider[\"registry.terraform.io/hashicorp/aws\"]",
      "instances": [
        {
          "schema_version": 1,
          "attributes": {
            "arn": "arn:aws:ec2:us-east-1:304480047449:security-group/sg-09a9a32cd5c2f41dc",
            "description": "Allows access to port 3306 and 22",
            "egress": [
              {
                "cidr_blocks": [
                  "0.0.0.0/0"
                ],
                "description": "",
                "from_port": 0,
                "ipv6_cidr_blocks": [
                  "::/0"
                ],
                "prefix_list_ids": [],
                "protocol": "-1",
                "security_groups": [],
                "self": false,
                "to_port": 0
              }
            ],
            "id": "sg-09a9a32cd5c2f41dc",
            "ingress": [
              {
                "cidr_blocks": [
                  "0.0.0.0/0"
                ],
                "description": "",
                "from_port": 22,
                "ipv6_cidr_blocks": [],
                "prefix_list_ids": [],
                "protocol": "tcp",
                "security_groups": [
                  "sg-032fd45059865a847"
                ],
                "self": false,
                "to_port": 22
              },
              {
                "cidr_blocks": [
                  "0.0.0.0/0"
                ],
                "description": "",
                "from_port": 3306,
                "ipv6_cidr_blocks": [],
                "prefix_list_ids": [],
                "protocol": "tcp",
                "security_groups": [
                  "sg-0cad10c08059dc371"
                ],
                "self": false,
                "to_port": 3306
              }
            ],
            "name": "Devops-dbserver",
            "name_prefix": "",
            "owner_id": "304480047449",
            "revoke_rules_on_delete": false,
            "tags": {
              "Name": "trourest-dbserver"
            },
            "tags_all": {
              "Name": "trourest-dbserver"
            },
            "timeouts": null,
            "vpc_id": "vpc-040c2239e852c4d78"
          },
          "sensitive_attributes": [],
          "private": "eyJlMmJmYjczMC1lY2FhLTExZTYtOGY4OC0zNDM2M2JjN2M0YzAiOnsiY3JlYXRlIjo2MDAwMDAwMDAwMDAsImRlbGV0ZSI6OTAwMDAwMDAwMDAwfSwic2NoZW1hX3ZlcnNpb24iOiIxIn0=",
          "dependencies": [
            "module.vpc.aws_security_group.bastion",
            "module.vpc.aws_security_group.webserver",
            "module.vpc.aws_vpc.vpc"
          ]
        }
      ]
    },
    {
      "module": "module.vpc",
      "mode": "managed",
      "type": "aws_security_group",
      "name": "webserver",
      "provider": "provider[\"registry.terraform.io/hashicorp/aws\"]",
      "instances": [
        {
          "schema_version": 1,
          "attributes": {
            "arn": "arn:aws:ec2:us-east-1:304480047449:security-group/sg-0cad10c08059dc371",
            "description": "Allows access to ports 22, 80, 443, 3306, 8080",
            "egress": [
              {
                "cidr_blocks": [
                  "0.0.0.0/0"
                ],
                "description": "",
                "from_port": 0,
                "ipv6_cidr_blocks": [
                  "::/0"
                ],
                "prefix_list_ids": [],
                "protocol": "-1",
                "security_groups": [],
                "self": false,
                "to_port": 0
              }
            ],
            "id": "sg-0cad10c08059dc371",
            "ingress": [
              {
                "cidr_blocks": [
                  "0.0.0.0/0"
                ],
                "description": "",
                "from_port": 22,
                "ipv6_cidr_blocks": [
                  "::/0"
                ],
                "prefix_list_ids": [],
                "protocol": "tcp",
                "security_groups": [],
                "self": false,
                "to_port": 22
              },
              {
                "cidr_blocks": [
                  "0.0.0.0/0"
                ],
                "description": "",
                "from_port": 443,
                "ipv6_cidr_blocks": [
                  "::/0"
                ],
                "prefix_list_ids": [],
                "protocol": "tcp",
                "security_groups": [],
                "self": false,
                "to_port": 443
              },
              {
                "cidr_blocks": [
                  "0.0.0.0/0"
                ],
                "description": "",
                "from_port": 8080,
                "ipv6_cidr_blocks": [
                  "::/0"
                ],
                "prefix_list_ids": [],
                "protocol": "tcp",
                "security_groups": [],
                "self": false,
                "to_port": 8080
              },
              {
                "cidr_blocks": [
                  "0.0.0.0/0"
                ],
                "description": "",
                "from_port": 80,
                "ipv6_cidr_blocks": [
                  "::/0"
                ],
                "prefix_list_ids": [],
                "protocol": "tcp",
                "security_groups": [],
                "self": false,
                "to_port": 80
              }
            ],
            "name": "Devops-webserver",
            "name_prefix": "",
            "owner_id": "304480047449",
            "revoke_rules_on_delete": false,
            "tags": {
              "Name": "trourest-webserver"
            },
            "tags_all": {
              "Name": "trourest-webserver"
            },
            "timeouts": null,
            "vpc_id": "vpc-040c2239e852c4d78"
          },
          "sensitive_attributes": [],
          "private": "eyJlMmJmYjczMC1lY2FhLTExZTYtOGY4OC0zNDM2M2JjN2M0YzAiOnsiY3JlYXRlIjo2MDAwMDAwMDAwMDAsImRlbGV0ZSI6OTAwMDAwMDAwMDAwfSwic2NoZW1hX3ZlcnNpb24iOiIxIn0=",
          "dependencies": [
            "module.vpc.aws_vpc.vpc"
          ]
        }
      ]
    },
    {
      "module": "module.vpc",
      "mode": "managed",
      "type": "aws_subnet",
      "name": "priv1",
      "provider": "provider[\"registry.terraform.io/hashicorp/aws\"]",
      "instances": [
        {
          "schema_version": 1,
          "attributes": {
            "arn": "arn:aws:ec2:us-east-1:304480047449:subnet/subnet-0781073e40a5fffa3",
            "assign_ipv6_address_on_creation": false,
            "availability_zone": "us-east-1a",
            "availability_zone_id": "use1-az4",
            "cidr_block": "10.0.3.0/24",
            "customer_owned_ipv4_pool": "",
            "enable_dns64": false,
            "enable_lni_at_device_index": 0,
            "enable_resource_name_dns_a_record_on_launch": false,
            "enable_resource_name_dns_aaaa_record_on_launch": false,
            "id": "subnet-0781073e40a5fffa3",
            "ipv6_cidr_block": "",
            "ipv6_cidr_block_association_id": "",
            "ipv6_native": false,
            "map_customer_owned_ip_on_launch": false,
            "map_public_ip_on_launch": true,
            "outpost_arn": "",
            "owner_id": "304480047449",
            "private_dns_hostname_type_on_launch": "ip-name",
            "tags": {
              "Name": "trourest-priv1",
              "Project": "Devops"
            },
            "tags_all": {
              "Name": "trourest-priv1",
              "Project": "Devops"
            },
            "timeouts": null,
            "vpc_id": "vpc-040c2239e852c4d78"
          },
          "sensitive_attributes": [],
          "private": "eyJlMmJmYjczMC1lY2FhLTExZTYtOGY4OC0zNDM2M2JjN2M0YzAiOnsiY3JlYXRlIjo2MDAwMDAwMDAwMDAsImRlbGV0ZSI6MTIwMDAwMDAwMDAwMH0sInNjaGVtYV92ZXJzaW9uIjoiMSJ9",
          "dependencies": [
            "module.vpc.aws_vpc.vpc",
            "module.vpc.data.aws_availability_zones.available"
          ]
        }
      ]
    },
    {
      "module": "module.vpc",
      "mode": "managed",
      "type": "aws_subnet",
      "name": "pub1",
      "provider": "provider[\"registry.terraform.io/hashicorp/aws\"]",
      "instances": [
        {
          "schema_version": 1,
          "attributes": {
            "arn": "arn:aws:ec2:us-east-1:304480047449:subnet/subnet-02d361b41f615115e",
            "assign_ipv6_address_on_creation": false,
            "availability_zone": "us-east-1a",
            "availability_zone_id": "use1-az4",
            "cidr_block": "10.0.0.0/24",
            "customer_owned_ipv4_pool": "",
            "enable_dns64": false,
            "enable_lni_at_device_index": 0,
            "enable_resource_name_dns_a_record_on_launch": false,
            "enable_resource_name_dns_aaaa_record_on_launch": false,
            "id": "subnet-02d361b41f615115e",
            "ipv6_cidr_block": "",
            "ipv6_cidr_block_association_id": "",
            "ipv6_native": false,
            "map_customer_owned_ip_on_launch": false,
            "map_public_ip_on_launch": true,
            "outpost_arn": "",
            "owner_id": "304480047449",
            "private_dns_hostname_type_on_launch": "ip-name",
            "tags": {
              "Name": "trourest-pub1",
              "Project": "Devops"
            },
            "tags_all": {
              "Name": "trourest-pub1",
              "Project": "Devops"
            },
            "timeouts": null,
            "vpc_id": "vpc-040c2239e852c4d78"
          },
          "sensitive_attributes": [],
          "private": "eyJlMmJmYjczMC1lY2FhLTExZTYtOGY4OC0zNDM2M2JjN2M0YzAiOnsiY3JlYXRlIjo2MDAwMDAwMDAwMDAsImRlbGV0ZSI6MTIwMDAwMDAwMDAwMH0sInNjaGVtYV92ZXJzaW9uIjoiMSJ9",
          "dependencies": [
            "module.vpc.aws_vpc.vpc",
            "module.vpc.data.aws_availability_zones.available"
          ]
        }
      ]
    },
    {
      "module": "module.vpc",
      "mode": "managed",
      "type": "aws_subnet",
      "name": "pub2",
      "provider": "provider[\"registry.terraform.io/hashicorp/aws\"]",
      "instances": [
        {
          "schema_version": 1,
          "attributes": {
            "arn": "arn:aws:ec2:us-east-1:304480047449:subnet/subnet-00a8f52faf0cdaf78",
            "assign_ipv6_address_on_creation": false,
            "availability_zone": "us-east-1b",
            "availability_zone_id": "use1-az6",
            "cidr_block": "10.0.1.0/24",
            "customer_owned_ipv4_pool": "",
            "enable_dns64": false,
            "enable_lni_at_device_index": 0,
            "enable_resource_name_dns_a_record_on_launch": false,
            "enable_resource_name_dns_aaaa_record_on_launch": false,
            "id": "subnet-00a8f52faf0cdaf78",
            "ipv6_cidr_block": "",
            "ipv6_cidr_block_association_id": "",
            "ipv6_native": false,
            "map_customer_owned_ip_on_launch": false,
            "map_public_ip_on_launch": true,
            "outpost_arn": "",
            "owner_id": "304480047449",
            "private_dns_hostname_type_on_launch": "ip-name",
            "tags": {
              "Name": "trourest-pub2",
              "Project": "Devops"
            },
            "tags_all": {
              "Name": "trourest-pub2",
              "Project": "Devops"
            },
            "timeouts": null,
            "vpc_id": "vpc-040c2239e852c4d78"
          },
          "sensitive_attributes": [],
          "private": "eyJlMmJmYjczMC1lY2FhLTExZTYtOGY4OC0zNDM2M2JjN2M0YzAiOnsiY3JlYXRlIjo2MDAwMDAwMDAwMDAsImRlbGV0ZSI6MTIwMDAwMDAwMDAwMH0sInNjaGVtYV92ZXJzaW9uIjoiMSJ9",
          "dependencies": [
            "module.vpc.aws_vpc.vpc",
            "module.vpc.data.aws_availability_zones.available"
          ]
        }
      ]
    },
    {
      "module": "module.vpc",
      "mode": "managed",
      "type": "aws_subnet",
      "name": "pub3",
      "provider": "provider[\"registry.terraform.io/hashicorp/aws\"]",
      "instances": [
        {
          "schema_version": 1,
          "attributes": {
            "arn": "arn:aws:ec2:us-east-1:304480047449:subnet/subnet-0af5d3e6762cf87c8",
            "assign_ipv6_address_on_creation": false,
            "availability_zone": "us-east-1c",
            "availability_zone_id": "use1-az1",
            "cidr_block": "10.0.2.0/24",
            "customer_owned_ipv4_pool": "",
            "enable_dns64": false,
            "enable_lni_at_device_index": 0,
            "enable_resource_name_dns_a_record_on_launch": false,
            "enable_resource_name_dns_aaaa_record_on_launch": false,
            "id": "subnet-0af5d3e6762cf87c8",
            "ipv6_cidr_block": "",
            "ipv6_cidr_block_association_id": "",
            "ipv6_native": false,
            "map_customer_owned_ip_on_launch": false,
            "map_public_ip_on_launch": true,
            "outpost_arn": "",
            "owner_id": "304480047449",
            "private_dns_hostname_type_on_launch": "ip-name",
            "tags": {
              "Name": "trourest-pub2",
              "Project": "Devops"
            },
            "tags_all": {
              "Name": "trourest-pub2",
              "Project": "Devops"
            },
            "timeouts": null,
            "vpc_id": "vpc-040c2239e852c4d78"
          },
          "sensitive_attributes": [],
          "private": "eyJlMmJmYjczMC1lY2FhLTExZTYtOGY4OC0zNDM2M2JjN2M0YzAiOnsiY3JlYXRlIjo2MDAwMDAwMDAwMDAsImRlbGV0ZSI6MTIwMDAwMDAwMDAwMH0sInNjaGVtYV92ZXJzaW9uIjoiMSJ9",
          "dependencies": [
            "module.vpc.aws_vpc.vpc",
            "module.vpc.data.aws_availability_zones.available"
          ]
        }
      ]
    },
    {
      "module": "module.vpc",
      "mode": "managed",
      "type": "aws_vpc",
      "name": "vpc",
      "provider": "provider[\"registry.terraform.io/hashicorp/aws\"]",
      "instances": [
        {
          "schema_version": 1,
          "attributes": {
            "arn": "arn:aws:ec2:us-east-1:304480047449:vpc/vpc-040c2239e852c4d78",
            "assign_generated_ipv6_cidr_block": false,
            "cidr_block": "10.0.0.0/16",
            "default_network_acl_id": "acl-0ac46b8564c2b11da",
            "default_route_table_id": "rtb-0964a92929a708a34",
            "default_security_group_id": "sg-09bcf62b826f4316e",
            "dhcp_options_id": "dopt-0f259c183e5733a4e",
            "enable_dns_hostnames": true,
            "enable_dns_support": true,
            "enable_network_address_usage_metrics": false,
            "id": "vpc-040c2239e852c4d78",
            "instance_tenancy": "default",
            "ipv4_ipam_pool_id": null,
            "ipv4_netmask_length": null,
            "ipv6_association_id": "",
            "ipv6_cidr_block": "",
            "ipv6_cidr_block_network_border_group": "",
            "ipv6_ipam_pool_id": "",
            "ipv6_netmask_length": 0,
            "main_route_table_id": "rtb-0964a92929a708a34",
            "owner_id": "304480047449",
            "tags": {
              "Name": "trourest-vpc",
              "Project": "Devops"
            },
            "tags_all": {
              "Name": "trourest-vpc",
              "Project": "Devops"
            }
          },
          "sensitive_attributes": [],
          "private": "eyJzY2hlbWFfdmVyc2lvbiI6IjEifQ=="
        }
      ]
    }
  ],
  "check_results": null
}
